// !$*UTF8*$!
{
	archiveVersion = 1;
	classes = {
	};
	objectVersion = 46;
	objects = {

/* Begin PBXBuildFile section */
		5535CB0C1F8B944400D199DB /* AddFriendViewController.swift in Sources */ = {isa = PBXBuildFile; fileRef = 5535CB0B1F8B944400D199DB /* AddFriendViewController.swift */; };
		5541028A1F97ADC4007800A8 /* User.swift in Sources */ = {isa = PBXBuildFile; fileRef = 554102891F97ADC4007800A8 /* User.swift */; };
		5541028C1F99D159007800A8 /* Pikachu.png in Resources */ = {isa = PBXBuildFile; fileRef = 5541028B1F99D158007800A8 /* Pikachu.png */; };
		554102941F9CF84C007800A8 /* MessageTableViewCell.swift in Sources */ = {isa = PBXBuildFile; fileRef = 554102931F9CF84C007800A8 /* MessageTableViewCell.swift */; };
		5541029E1FA079D0007800A8 /* Conversation.swift in Sources */ = {isa = PBXBuildFile; fileRef = 5541029D1FA079D0007800A8 /* Conversation.swift */; };
		554102A01FA08506007800A8 /* ChatViewController.swift in Sources */ = {isa = PBXBuildFile; fileRef = 5541029F1FA08506007800A8 /* ChatViewController.swift */; };
		554102A31FA2228A007800A8 /* Helper Files.swift in Sources */ = {isa = PBXBuildFile; fileRef = 554102A21FA2228A007800A8 /* Helper Files.swift */; };
		554102A51FA2246F007800A8 /* Message.swift in Sources */ = {isa = PBXBuildFile; fileRef = 554102A41FA2246F007800A8 /* Message.swift */; };
		55481EE61FCD911600A0EEE6 /* MapViewController.swift in Sources */ = {isa = PBXBuildFile; fileRef = 55481EE51FCD911600A0EEE6 /* MapViewController.swift */; };
		554B0E3D1F471F0E0016E154 /* UIImage+Scale.swift in Sources */ = {isa = PBXBuildFile; fileRef = 554B0E3C1F471F0D0016E154 /* UIImage+Scale.swift */; };
		555406691FC5B64D0004DD09 /* MapKit.framework in Frameworks */ = {isa = PBXBuildFile; fileRef = 555406681FC5B64D0004DD09 /* MapKit.framework */; };
		5554F8931FA858AE00C1B19D /* ChatTableViewCell.swift in Sources */ = {isa = PBXBuildFile; fileRef = 5554F8921FA858AE00C1B19D /* ChatTableViewCell.swift */; };
		556084241F26FA3E00B0D8EC /* GoogleService-Info.plist in Resources */ = {isa = PBXBuildFile; fileRef = 556084231F26FA3E00B0D8EC /* GoogleService-Info.plist */; };
		5560842B1F29BCD200B0D8EC /* MyProfileViewController.swift in Sources */ = {isa = PBXBuildFile; fileRef = 5560842A1F29BCD200B0D8EC /* MyProfileViewController.swift */; };
		5560842D1F2A03C700B0D8EC /* FriendsListViewController.swift in Sources */ = {isa = PBXBuildFile; fileRef = 5560842C1F2A03C700B0D8EC /* FriendsListViewController.swift */; };
		5560842F1F2A0C1D00B0D8EC /* MessageViewController.swift in Sources */ = {isa = PBXBuildFile; fileRef = 5560842E1F2A0C1D00B0D8EC /* MessageViewController.swift */; };
		556084311F2A0C5900B0D8EC /* AboutUsViewController.swift in Sources */ = {isa = PBXBuildFile; fileRef = 556084301F2A0C5900B0D8EC /* AboutUsViewController.swift */; };
		5581642C1F8E0C2700A7B554 /* FriendsTableViewCell.swift in Sources */ = {isa = PBXBuildFile; fileRef = 5581642B1F8E0C2700A7B554 /* FriendsTableViewCell.swift */; };
		5585E7441F828A9B003A3687 /* ScannerViewController.swift in Sources */ = {isa = PBXBuildFile; fileRef = 5585E7431F828A9B003A3687 /* ScannerViewController.swift */; };
		558E9EA51FCC68A400D69CC8 /* ShowImageViewController.swift in Sources */ = {isa = PBXBuildFile; fileRef = 558E9EA41FCC68A400D69CC8 /* ShowImageViewController.swift */; };
		55A79B7A1F46BAD30076CE60 /* Button.swift in Sources */ = {isa = PBXBuildFile; fileRef = 55A79B791F46BAD30076CE60 /* Button.swift */; };
		55B7A5861F683968006D3559 /* Info.plist in Resources */ = {isa = PBXBuildFile; fileRef = 55B7A57D1F683968006D3559 /* Info.plist */; };
		55B7A5871F683968006D3559 /* RHButtonView.swift in Sources */ = {isa = PBXBuildFile; fileRef = 55B7A57F1F683968006D3559 /* RHButtonView.swift */; };
		55B7A5881F683968006D3559 /* RHButtonViewConfigProtocol.swift in Sources */ = {isa = PBXBuildFile; fileRef = 55B7A5801F683968006D3559 /* RHButtonViewConfigProtocol.swift */; };
		55B7A5891F683968006D3559 /* RHSideButtonAnimator.swift in Sources */ = {isa = PBXBuildFile; fileRef = 55B7A5811F683968006D3559 /* RHSideButtonAnimator.swift */; };
		55B7A58A1F683968006D3559 /* RHSideButtonAnimatorProtocol.swift in Sources */ = {isa = PBXBuildFile; fileRef = 55B7A5821F683968006D3559 /* RHSideButtonAnimatorProtocol.swift */; };
		55B7A58B1F683968006D3559 /* RHSideButtons.swift in Sources */ = {isa = PBXBuildFile; fileRef = 55B7A5831F683968006D3559 /* RHSideButtons.swift */; };
		55B7A58C1F683968006D3559 /* RHTriggerButtonView.swift in Sources */ = {isa = PBXBuildFile; fileRef = 55B7A5841F683968006D3559 /* RHTriggerButtonView.swift */; };
		55B7A5901F68C669006D3559 /* SideButton.swift in Sources */ = {isa = PBXBuildFile; fileRef = 55B7A58F1F68C669006D3559 /* SideButton.swift */; };
		55B7A5931F6A413D006D3559 /* GenerateQRcodeViewController.swift in Sources */ = {isa = PBXBuildFile; fileRef = 55B7A5921F6A413D006D3559 /* GenerateQRcodeViewController.swift */; };
		55C529D41F6548C200F5927F /* HomeViewController.swift in Sources */ = {isa = PBXBuildFile; fileRef = 55C529D31F6548C200F5927F /* HomeViewController.swift */; };
		55DB88F71F1475280002CCA3 /* AppDelegate.swift in Sources */ = {isa = PBXBuildFile; fileRef = 55DB88F61F1475280002CCA3 /* AppDelegate.swift */; };
		55DB88FC1F1475280002CCA3 /* Main.storyboard in Resources */ = {isa = PBXBuildFile; fileRef = 55DB88FA1F1475280002CCA3 /* Main.storyboard */; };
		55DB88FE1F1475280002CCA3 /* Assets.xcassets in Resources */ = {isa = PBXBuildFile; fileRef = 55DB88FD1F1475280002CCA3 /* Assets.xcassets */; };
		55DB89011F1475280002CCA3 /* LaunchScreen.storyboard in Resources */ = {isa = PBXBuildFile; fileRef = 55DB88FF1F1475280002CCA3 /* LaunchScreen.storyboard */; };
		55DB891C1F1661F20002CCA3 /* LogInViewController.swift in Sources */ = {isa = PBXBuildFile; fileRef = 55DB891B1F1661F20002CCA3 /* LogInViewController.swift */; };
		55DB891E1F1729810002CCA3 /* SignUpViewController.swift in Sources */ = {isa = PBXBuildFile; fileRef = 55DB891D1F1729810002CCA3 /* SignUpViewController.swift */; };
		7E70447E7E1D5533907920C3 /* Pods_Demo.framework in Frameworks */ = {isa = PBXBuildFile; fileRef = CD7EFD29A223606BF9C62292 /* Pods_Demo.framework */; };
		C24654601F612ED800E8643B /* IBTextField.swift in Sources */ = {isa = PBXBuildFile; fileRef = C246545F1F612ED800E8643B /* IBTextField.swift */; };
		C24654621F66AEEA00E8643B /* IBImageView.swift in Sources */ = {isa = PBXBuildFile; fileRef = C24654611F66AEEA00E8643B /* IBImageView.swift */; };
		CE16F96E1FD04426005CB5AF /* ExtractionViewController.swift in Sources */ = {isa = PBXBuildFile; fileRef = CE16F96D1FD04426005CB5AF /* ExtractionViewController.swift */; };
		CE16F9701FD08959005CB5AF /* NoEctractViewController.swift in Sources */ = {isa = PBXBuildFile; fileRef = CE16F96F1FD08958005CB5AF /* NoEctractViewController.swift */; };
		CE4F7D2B1F7F43D3007E35FD /* Squirtle.mtl in Resources */ = {isa = PBXBuildFile; fileRef = CE4F7D251F7F43D3007E35FD /* Squirtle.mtl */; };
		CE4F7D2C1F7F43D3007E35FD /* Squirtle.obj in Resources */ = {isa = PBXBuildFile; fileRef = CE4F7D261F7F43D3007E35FD /* Squirtle.obj */; };
		CE4F7D2D1F7F43D3007E35FD /* Squirtle.png in Resources */ = {isa = PBXBuildFile; fileRef = CE4F7D271F7F43D3007E35FD /* Squirtle.png */; };
		CE4F7D2E1F7F43D3007E35FD /* ZenigameDh.tga in Resources */ = {isa = PBXBuildFile; fileRef = CE4F7D291F7F43D3007E35FD /* ZenigameDh.tga */; };
		CE4F7D2F1F7F43D3007E35FD /* ZenigameEyeDh.tga in Resources */ = {isa = PBXBuildFile; fileRef = CE4F7D2A1F7F43D3007E35FD /* ZenigameEyeDh.tga */; };
		CE4F7D321F7F5382007E35FD /* PikachuMouthDh.png in Resources */ = {isa = PBXBuildFile; fileRef = CE4F7D311F7F5382007E35FD /* PikachuMouthDh.png */; };
		CEB41CD71F7BFA34001B8594 /* Charmander.mtl in Resources */ = {isa = PBXBuildFile; fileRef = CEB41CD11F7BFA34001B8594 /* Charmander.mtl */; };
		CEB41CD81F7BFA34001B8594 /* Charmander.obj in Resources */ = {isa = PBXBuildFile; fileRef = CEB41CD21F7BFA34001B8594 /* Charmander.obj */; };
		CEB41CD91F7BFA34001B8594 /* Charmander.png in Resources */ = {isa = PBXBuildFile; fileRef = CEB41CD31F7BFA34001B8594 /* Charmander.png */; };
		CEB41CDA1F7BFA34001B8594 /* hitokage_0_0.tga in Resources */ = {isa = PBXBuildFile; fileRef = CEB41CD51F7BFA34001B8594 /* hitokage_0_0.tga */; };
		CEB41CDB1F7BFA34001B8594 /* hitokage_0_1.tga in Resources */ = {isa = PBXBuildFile; fileRef = CEB41CD61F7BFA34001B8594 /* hitokage_0_1.tga */; };
		CEB41CDD1F7BFB67001B8594 /* ChooseMViewController.swift in Sources */ = {isa = PBXBuildFile; fileRef = CEB41CDC1F7BFB67001B8594 /* ChooseMViewController.swift */; };
		CEB41CDF1F7BFBBA001B8594 /* ShowMViewController.swift in Sources */ = {isa = PBXBuildFile; fileRef = CEB41CDE1F7BFBBA001B8594 /* ShowMViewController.swift */; };
		CEC580411F7E8DFE00ED18E3 /* Teddiursa.mtl in Resources */ = {isa = PBXBuildFile; fileRef = CEC57FE61F7E8DFD00ED18E3 /* Teddiursa.mtl */; };
		CEC580421F7E8DFE00ED18E3 /* Teddiursa.obj in Resources */ = {isa = PBXBuildFile; fileRef = CEC57FE71F7E8DFD00ED18E3 /* Teddiursa.obj */; };
		CEC580431F7E8DFE00ED18E3 /* Teddiursa.png in Resources */ = {isa = PBXBuildFile; fileRef = CEC57FE81F7E8DFD00ED18E3 /* Teddiursa.png */; };
		CEC580441F7E8DFE00ED18E3 /* HimegumaDh.tga in Resources */ = {isa = PBXBuildFile; fileRef = CEC57FEA1F7E8DFD00ED18E3 /* HimegumaDh.tga */; };
		CEC580451F7E8DFE00ED18E3 /* HimegumaEyeDh.tga in Resources */ = {isa = PBXBuildFile; fileRef = CEC57FEB1F7E8DFD00ED18E3 /* HimegumaEyeDh.tga */; };
		CEC580461F7E8DFE00ED18E3 /* HimegumaMouthDh.tga in Resources */ = {isa = PBXBuildFile; fileRef = CEC57FEC1F7E8DFD00ED18E3 /* HimegumaMouthDh.tga */; };
		CEC5804D1F7E8DFE00ED18E3 /* Pikachu.mtl in Resources */ = {isa = PBXBuildFile; fileRef = CEC57FF51F7E8DFD00ED18E3 /* Pikachu.mtl */; };
		CEC5804E1F7E8DFE00ED18E3 /* Pikachu.obj in Resources */ = {isa = PBXBuildFile; fileRef = CEC57FF61F7E8DFD00ED18E3 /* Pikachu.obj */; };
		CEC580531F7E8DFE00ED18E3 /* Jirachi.mtl in Resources */ = {isa = PBXBuildFile; fileRef = CEC57FFD1F7E8DFD00ED18E3 /* Jirachi.mtl */; };
		CEC580541F7E8DFE00ED18E3 /* Jirachi.obj in Resources */ = {isa = PBXBuildFile; fileRef = CEC57FFE1F7E8DFD00ED18E3 /* Jirachi.obj */; };
		CEC580551F7E8DFE00ED18E3 /* Jirachi.png in Resources */ = {isa = PBXBuildFile; fileRef = CEC57FFF1F7E8DFD00ED18E3 /* Jirachi.png */; };
		CEC580561F7E8DFE00ED18E3 /* JirachiDh.tga in Resources */ = {isa = PBXBuildFile; fileRef = CEC580011F7E8DFD00ED18E3 /* JirachiDh.tga */; };
		CEC580571F7E8DFE00ED18E3 /* JirachiEye3Dh.tga in Resources */ = {isa = PBXBuildFile; fileRef = CEC580021F7E8DFD00ED18E3 /* JirachiEye3Dh.tga */; };
		CEC580581F7E8DFE00ED18E3 /* JirachiEyeDh.tga in Resources */ = {isa = PBXBuildFile; fileRef = CEC580031F7E8DFD00ED18E3 /* JirachiEyeDh.tga */; };
		CEC580591F7E8DFE00ED18E3 /* JirachiMouthDh.tga in Resources */ = {isa = PBXBuildFile; fileRef = CEC580041F7E8DFD00ED18E3 /* JirachiMouthDh.tga */; };
		CEC5805A1F7E8DFE00ED18E3 /* Bulbasaur.mtl in Resources */ = {isa = PBXBuildFile; fileRef = CEC580061F7E8DFD00ED18E3 /* Bulbasaur.mtl */; };
		CEC5805B1F7E8DFE00ED18E3 /* Bulbasaur.obj in Resources */ = {isa = PBXBuildFile; fileRef = CEC580071F7E8DFD00ED18E3 /* Bulbasaur.obj */; };
		CEC5805C1F7E8DFE00ED18E3 /* Bulbasaur.png in Resources */ = {isa = PBXBuildFile; fileRef = CEC580081F7E8DFD00ED18E3 /* Bulbasaur.png */; };
		CEC5805D1F7E8DFE00ED18E3 /* FushigidaneDh.tga in Resources */ = {isa = PBXBuildFile; fileRef = CEC5800A1F7E8DFD00ED18E3 /* FushigidaneDh.tga */; };
		CEC5805E1F7E8DFE00ED18E3 /* FushigidaneEyeDh.tga in Resources */ = {isa = PBXBuildFile; fileRef = CEC5800B1F7E8DFD00ED18E3 /* FushigidaneEyeDh.tga */; };
		CEC5805F1F7E8DFE00ED18E3 /* Clefairy.mtl in Resources */ = {isa = PBXBuildFile; fileRef = CEC5800D1F7E8DFD00ED18E3 /* Clefairy.mtl */; };
		CEC580601F7E8DFE00ED18E3 /* Clefairy.obj in Resources */ = {isa = PBXBuildFile; fileRef = CEC5800E1F7E8DFD00ED18E3 /* Clefairy.obj */; };
		CEC580611F7E8DFE00ED18E3 /* Clefairy.png in Resources */ = {isa = PBXBuildFile; fileRef = CEC5800F1F7E8DFD00ED18E3 /* Clefairy.png */; };
		CEC580621F7E8DFE00ED18E3 /* pippi_0_0.tga in Resources */ = {isa = PBXBuildFile; fileRef = CEC580111F7E8DFD00ED18E3 /* pippi_0_0.tga */; };
		CEC580631F7E8DFE00ED18E3 /* pippi_0_1.tga in Resources */ = {isa = PBXBuildFile; fileRef = CEC580121F7E8DFD00ED18E3 /* pippi_0_1.tga */; };
		CEC580641F7E8DFE00ED18E3 /* pippi_0_2.tga in Resources */ = {isa = PBXBuildFile; fileRef = CEC580131F7E8DFD00ED18E3 /* pippi_0_2.tga */; };
		CEC580651F7E8DFE00ED18E3 /* Eevee.mtl in Resources */ = {isa = PBXBuildFile; fileRef = CEC580151F7E8DFD00ED18E3 /* Eevee.mtl */; };
		CEC580661F7E8DFE00ED18E3 /* Eevee.obj in Resources */ = {isa = PBXBuildFile; fileRef = CEC580161F7E8DFD00ED18E3 /* Eevee.obj */; };
		CEC580671F7E8DFE00ED18E3 /* Eevee.png in Resources */ = {isa = PBXBuildFile; fileRef = CEC580171F7E8DFD00ED18E3 /* Eevee.png */; };
		CEC580681F7E8DFE00ED18E3 /* pm0133_00_Body1.png in Resources */ = {isa = PBXBuildFile; fileRef = CEC580191F7E8DFD00ED18E3 /* pm0133_00_Body1.png */; };
		CEC580691F7E8DFE00ED18E3 /* pm0133_00_Eye1.png in Resources */ = {isa = PBXBuildFile; fileRef = CEC5801A1F7E8DFD00ED18E3 /* pm0133_00_Eye1.png */; };
		CEC5806A1F7E8DFE00ED18E3 /* pm0133_00_Mouth1.png in Resources */ = {isa = PBXBuildFile; fileRef = CEC5801B1F7E8DFD00ED18E3 /* pm0133_00_Mouth1.png */; };
		CEC5806B1F7E8DFE00ED18E3 /* Jigglypuff.mtl in Resources */ = {isa = PBXBuildFile; fileRef = CEC5801D1F7E8DFD00ED18E3 /* Jigglypuff.mtl */; };
		CEC5806C1F7E8DFE00ED18E3 /* Jigglypuff.obj in Resources */ = {isa = PBXBuildFile; fileRef = CEC5801E1F7E8DFD00ED18E3 /* Jigglypuff.obj */; };
		CEC5806D1F7E8DFE00ED18E3 /* Jigglypuff.png in Resources */ = {isa = PBXBuildFile; fileRef = CEC5801F1F7E8DFD00ED18E3 /* Jigglypuff.png */; };
		CEC5806E1F7E8DFE00ED18E3 /* purin_0_0.tga in Resources */ = {isa = PBXBuildFile; fileRef = CEC580211F7E8DFD00ED18E3 /* purin_0_0.tga */; };
		CEC580761F7E8DFE00ED18E3 /* Oddish.mtl in Resources */ = {isa = PBXBuildFile; fileRef = CEC5802C1F7E8DFD00ED18E3 /* Oddish.mtl */; };
		CEC580771F7E8DFE00ED18E3 /* Oddish.obj in Resources */ = {isa = PBXBuildFile; fileRef = CEC5802D1F7E8DFD00ED18E3 /* Oddish.obj */; };
		CEC580781F7E8DFE00ED18E3 /* oddish.png in Resources */ = {isa = PBXBuildFile; fileRef = CEC5802E1F7E8DFD00ED18E3 /* oddish.png */; };
		CEC580791F7E8DFE00ED18E3 /* NazonokusaDh.tga in Resources */ = {isa = PBXBuildFile; fileRef = CEC580301F7E8DFE00ED18E3 /* NazonokusaDh.tga */; };
		CEC5807A1F7E8DFE00ED18E3 /* NazonokusaEyeDh.tga in Resources */ = {isa = PBXBuildFile; fileRef = CEC580311F7E8DFE00ED18E3 /* NazonokusaEyeDh.tga */; };
		CEC5807B1F7E8DFE00ED18E3 /* NazonokusaMouthDh.tga in Resources */ = {isa = PBXBuildFile; fileRef = CEC580321F7E8DFE00ED18E3 /* NazonokusaMouthDh.tga */; };
		CEC580801F7E8DFE00ED18E3 /* RokonDh.tga in Resources */ = {isa = PBXBuildFile; fileRef = CEC5803B1F7E8DFE00ED18E3 /* RokonDh.tga */; };
		CEC580811F7E8DFE00ED18E3 /* RokonEyeDh.tga in Resources */ = {isa = PBXBuildFile; fileRef = CEC5803C1F7E8DFE00ED18E3 /* RokonEyeDh.tga */; };
		CEC580821F7E8DFE00ED18E3 /* RokonMouthDh.tga in Resources */ = {isa = PBXBuildFile; fileRef = CEC5803D1F7E8DFE00ED18E3 /* RokonMouthDh.tga */; };
		CEC580831F7E8DFE00ED18E3 /* Vulpix.mtl in Resources */ = {isa = PBXBuildFile; fileRef = CEC5803E1F7E8DFE00ED18E3 /* Vulpix.mtl */; };
		CEC580841F7E8DFE00ED18E3 /* Vulpix.obj in Resources */ = {isa = PBXBuildFile; fileRef = CEC5803F1F7E8DFE00ED18E3 /* Vulpix.obj */; };
		CEC580851F7E8DFE00ED18E3 /* Vulpix.png in Resources */ = {isa = PBXBuildFile; fileRef = CEC580401F7E8DFE00ED18E3 /* Vulpix.png */; };
		CEC5808C1F7EB34400ED18E3 /* PikachuDh.tga in Resources */ = {isa = PBXBuildFile; fileRef = CEC580871F7EB34400ED18E3 /* PikachuDh.tga */; };
		CEC5808D1F7EB34400ED18E3 /* PikachuEyeDh.tga in Resources */ = {isa = PBXBuildFile; fileRef = CEC580881F7EB34400ED18E3 /* PikachuEyeDh.tga */; };
		CEC5808E1F7EB34400ED18E3 /* PikachuHohoDh.tga in Resources */ = {isa = PBXBuildFile; fileRef = CEC580891F7EB34400ED18E3 /* PikachuHohoDh.tga */; };
		CEC580971F7EB6BD00ED18E3 /* Haunter.mtl in Resources */ = {isa = PBXBuildFile; fileRef = CEC580921F7EB6BD00ED18E3 /* Haunter.mtl */; };
		CEC580981F7EB6BD00ED18E3 /* Haunter.obj in Resources */ = {isa = PBXBuildFile; fileRef = CEC580931F7EB6BD00ED18E3 /* Haunter.obj */; };
		CEC580991F7EB6BD00ED18E3 /* GhostDh.tga in Resources */ = {isa = PBXBuildFile; fileRef = CEC580951F7EB6BD00ED18E3 /* GhostDh.tga */; };
		CEC5809A1F7EB6BD00ED18E3 /* GhostEyeDh.tga in Resources */ = {isa = PBXBuildFile; fileRef = CEC580961F7EB6BD00ED18E3 /* GhostEyeDh.tga */; };
		CEC5809E1F7EBA6500ED18E3 /* Haunter.png in Resources */ = {isa = PBXBuildFile; fileRef = CEC5809D1F7EBA6500ED18E3 /* Haunter.png */; };
/* End PBXBuildFile section */

/* Begin PBXFileReference section */
		0851D89E137C11BBFECCA286 /* Pods-Demo.debug.xcconfig */ = {isa = PBXFileReference; includeInIndex = 1; lastKnownFileType = text.xcconfig; name = "Pods-Demo.debug.xcconfig"; path = "Pods/Target Support Files/Pods-Demo/Pods-Demo.debug.xcconfig"; sourceTree = "<group>"; };
		2967EDC36D1AC222AE841D80 /* Pods-Demo.release.xcconfig */ = {isa = PBXFileReference; includeInIndex = 1; lastKnownFileType = text.xcconfig; name = "Pods-Demo.release.xcconfig"; path = "Pods/Target Support Files/Pods-Demo/Pods-Demo.release.xcconfig"; sourceTree = "<group>"; };
		5535CB0B1F8B944400D199DB /* AddFriendViewController.swift */ = {isa = PBXFileReference; lastKnownFileType = sourcecode.swift; path = AddFriendViewController.swift; sourceTree = "<group>"; };
		554102891F97ADC4007800A8 /* User.swift */ = {isa = PBXFileReference; lastKnownFileType = sourcecode.swift; path = User.swift; sourceTree = "<group>"; };
		5541028B1F99D158007800A8 /* Pikachu.png */ = {isa = PBXFileReference; lastKnownFileType = image.png; path = Pikachu.png; sourceTree = "<group>"; };
		554102931F9CF84C007800A8 /* MessageTableViewCell.swift */ = {isa = PBXFileReference; lastKnownFileType = sourcecode.swift; path = MessageTableViewCell.swift; sourceTree = "<group>"; };
		5541029D1FA079D0007800A8 /* Conversation.swift */ = {isa = PBXFileReference; lastKnownFileType = sourcecode.swift; path = Conversation.swift; sourceTree = "<group>"; };
		5541029F1FA08506007800A8 /* ChatViewController.swift */ = {isa = PBXFileReference; lastKnownFileType = sourcecode.swift; path = ChatViewController.swift; sourceTree = "<group>"; };
		554102A21FA2228A007800A8 /* Helper Files.swift */ = {isa = PBXFileReference; lastKnownFileType = sourcecode.swift; path = "Helper Files.swift"; sourceTree = "<group>"; };
		554102A41FA2246F007800A8 /* Message.swift */ = {isa = PBXFileReference; lastKnownFileType = sourcecode.swift; path = Message.swift; sourceTree = "<group>"; };
		55481EE51FCD911600A0EEE6 /* MapViewController.swift */ = {isa = PBXFileReference; lastKnownFileType = sourcecode.swift; path = MapViewController.swift; sourceTree = "<group>"; };
		554B0E3C1F471F0D0016E154 /* UIImage+Scale.swift */ = {isa = PBXFileReference; fileEncoding = 4; lastKnownFileType = sourcecode.swift; path = "UIImage+Scale.swift"; sourceTree = "<group>"; };
		555406681FC5B64D0004DD09 /* MapKit.framework */ = {isa = PBXFileReference; lastKnownFileType = wrapper.framework; name = MapKit.framework; path = System/Library/Frameworks/MapKit.framework; sourceTree = SDKROOT; };
		5554F8921FA858AE00C1B19D /* ChatTableViewCell.swift */ = {isa = PBXFileReference; fileEncoding = 4; lastKnownFileType = sourcecode.swift; path = ChatTableViewCell.swift; sourceTree = "<group>"; };
		556084231F26FA3E00B0D8EC /* GoogleService-Info.plist */ = {isa = PBXFileReference; fileEncoding = 4; lastKnownFileType = text.plist.xml; path = "GoogleService-Info.plist"; sourceTree = "<group>"; };
		5560842A1F29BCD200B0D8EC /* MyProfileViewController.swift */ = {isa = PBXFileReference; fileEncoding = 4; lastKnownFileType = sourcecode.swift; path = MyProfileViewController.swift; sourceTree = "<group>"; xcLanguageSpecificationIdentifier = xcode.lang.swift; };
		5560842C1F2A03C700B0D8EC /* FriendsListViewController.swift */ = {isa = PBXFileReference; fileEncoding = 4; lastKnownFileType = sourcecode.swift; path = FriendsListViewController.swift; sourceTree = "<group>"; };
		5560842E1F2A0C1D00B0D8EC /* MessageViewController.swift */ = {isa = PBXFileReference; fileEncoding = 4; lastKnownFileType = sourcecode.swift; path = MessageViewController.swift; sourceTree = "<group>"; };
		556084301F2A0C5900B0D8EC /* AboutUsViewController.swift */ = {isa = PBXFileReference; fileEncoding = 4; lastKnownFileType = sourcecode.swift; path = AboutUsViewController.swift; sourceTree = "<group>"; };
		5581642B1F8E0C2700A7B554 /* FriendsTableViewCell.swift */ = {isa = PBXFileReference; lastKnownFileType = sourcecode.swift; path = FriendsTableViewCell.swift; sourceTree = "<group>"; };
		5585E7431F828A9B003A3687 /* ScannerViewController.swift */ = {isa = PBXFileReference; fileEncoding = 4; lastKnownFileType = sourcecode.swift; path = ScannerViewController.swift; sourceTree = "<group>"; };
		558E9EA41FCC68A400D69CC8 /* ShowImageViewController.swift */ = {isa = PBXFileReference; lastKnownFileType = sourcecode.swift; path = ShowImageViewController.swift; sourceTree = "<group>"; };
		55A79B791F46BAD30076CE60 /* Button.swift */ = {isa = PBXFileReference; fileEncoding = 4; lastKnownFileType = sourcecode.swift; path = Button.swift; sourceTree = "<group>"; };
		55B7A57D1F683968006D3559 /* Info.plist */ = {isa = PBXFileReference; fileEncoding = 4; lastKnownFileType = text.plist.xml; path = Info.plist; sourceTree = "<group>"; };
		55B7A57F1F683968006D3559 /* RHButtonView.swift */ = {isa = PBXFileReference; fileEncoding = 4; lastKnownFileType = sourcecode.swift; path = RHButtonView.swift; sourceTree = "<group>"; };
		55B7A5801F683968006D3559 /* RHButtonViewConfigProtocol.swift */ = {isa = PBXFileReference; fileEncoding = 4; lastKnownFileType = sourcecode.swift; path = RHButtonViewConfigProtocol.swift; sourceTree = "<group>"; };
		55B7A5811F683968006D3559 /* RHSideButtonAnimator.swift */ = {isa = PBXFileReference; fileEncoding = 4; lastKnownFileType = sourcecode.swift; path = RHSideButtonAnimator.swift; sourceTree = "<group>"; };
		55B7A5821F683968006D3559 /* RHSideButtonAnimatorProtocol.swift */ = {isa = PBXFileReference; fileEncoding = 4; lastKnownFileType = sourcecode.swift; path = RHSideButtonAnimatorProtocol.swift; sourceTree = "<group>"; };
		55B7A5831F683968006D3559 /* RHSideButtons.swift */ = {isa = PBXFileReference; fileEncoding = 4; lastKnownFileType = sourcecode.swift; path = RHSideButtons.swift; sourceTree = "<group>"; };
		55B7A5841F683968006D3559 /* RHTriggerButtonView.swift */ = {isa = PBXFileReference; fileEncoding = 4; lastKnownFileType = sourcecode.swift; path = RHTriggerButtonView.swift; sourceTree = "<group>"; };
		55B7A5851F683968006D3559 /* RHSideButtons.h */ = {isa = PBXFileReference; fileEncoding = 4; lastKnownFileType = sourcecode.c.h; path = RHSideButtons.h; sourceTree = "<group>"; };
		55B7A58F1F68C669006D3559 /* SideButton.swift */ = {isa = PBXFileReference; fileEncoding = 4; lastKnownFileType = sourcecode.swift; path = SideButton.swift; sourceTree = "<group>"; };
		55B7A5911F690C67006D3559 /* Demo.entitlements */ = {isa = PBXFileReference; lastKnownFileType = text.plist.entitlements; path = Demo.entitlements; sourceTree = "<group>"; };
		55B7A5921F6A413D006D3559 /* GenerateQRcodeViewController.swift */ = {isa = PBXFileReference; fileEncoding = 4; lastKnownFileType = sourcecode.swift; path = GenerateQRcodeViewController.swift; sourceTree = "<group>"; };
		55C529D31F6548C200F5927F /* HomeViewController.swift */ = {isa = PBXFileReference; fileEncoding = 4; lastKnownFileType = sourcecode.swift; path = HomeViewController.swift; sourceTree = "<group>"; };
		55DB88F31F1475280002CCA3 /* Demo.app */ = {isa = PBXFileReference; explicitFileType = wrapper.application; includeInIndex = 0; path = Demo.app; sourceTree = BUILT_PRODUCTS_DIR; };
		55DB88F61F1475280002CCA3 /* AppDelegate.swift */ = {isa = PBXFileReference; lastKnownFileType = sourcecode.swift; path = AppDelegate.swift; sourceTree = "<group>"; };
		55DB88FB1F1475280002CCA3 /* Base */ = {isa = PBXFileReference; lastKnownFileType = file.storyboard; name = Base; path = Base.lproj/Main.storyboard; sourceTree = "<group>"; };
		55DB88FD1F1475280002CCA3 /* Assets.xcassets */ = {isa = PBXFileReference; lastKnownFileType = folder.assetcatalog; path = Assets.xcassets; sourceTree = "<group>"; };
		55DB89001F1475280002CCA3 /* Base */ = {isa = PBXFileReference; lastKnownFileType = file.storyboard; name = Base; path = Base.lproj/LaunchScreen.storyboard; sourceTree = "<group>"; };
		55DB89021F1475280002CCA3 /* Info.plist */ = {isa = PBXFileReference; lastKnownFileType = text.plist.xml; path = Info.plist; sourceTree = "<group>"; };
		55DB891B1F1661F20002CCA3 /* LogInViewController.swift */ = {isa = PBXFileReference; fileEncoding = 4; lastKnownFileType = sourcecode.swift; path = LogInViewController.swift; sourceTree = "<group>"; };
		55DB891D1F1729810002CCA3 /* SignUpViewController.swift */ = {isa = PBXFileReference; fileEncoding = 4; lastKnownFileType = sourcecode.swift; path = SignUpViewController.swift; sourceTree = "<group>"; };
		C246545F1F612ED800E8643B /* IBTextField.swift */ = {isa = PBXFileReference; fileEncoding = 4; lastKnownFileType = sourcecode.swift; path = IBTextField.swift; sourceTree = "<group>"; };
		C24654611F66AEEA00E8643B /* IBImageView.swift */ = {isa = PBXFileReference; fileEncoding = 4; lastKnownFileType = sourcecode.swift; path = IBImageView.swift; sourceTree = "<group>"; };
		CD7EFD29A223606BF9C62292 /* Pods_Demo.framework */ = {isa = PBXFileReference; explicitFileType = wrapper.framework; includeInIndex = 0; path = Pods_Demo.framework; sourceTree = BUILT_PRODUCTS_DIR; };
		CE16F96D1FD04426005CB5AF /* ExtractionViewController.swift */ = {isa = PBXFileReference; lastKnownFileType = sourcecode.swift; path = ExtractionViewController.swift; sourceTree = "<group>"; };
		CE16F96F1FD08958005CB5AF /* NoEctractViewController.swift */ = {isa = PBXFileReference; lastKnownFileType = sourcecode.swift; path = NoEctractViewController.swift; sourceTree = "<group>"; };
		CE4F7D251F7F43D3007E35FD /* Squirtle.mtl */ = {isa = PBXFileReference; fileEncoding = 4; lastKnownFileType = text; path = Squirtle.mtl; sourceTree = "<group>"; };
		CE4F7D261F7F43D3007E35FD /* Squirtle.obj */ = {isa = PBXFileReference; fileEncoding = 4; lastKnownFileType = text; path = Squirtle.obj; sourceTree = "<group>"; };
		CE4F7D271F7F43D3007E35FD /* Squirtle.png */ = {isa = PBXFileReference; lastKnownFileType = image.png; path = Squirtle.png; sourceTree = "<group>"; };
		CE4F7D291F7F43D3007E35FD /* ZenigameDh.tga */ = {isa = PBXFileReference; lastKnownFileType = file; path = ZenigameDh.tga; sourceTree = "<group>"; };
		CE4F7D2A1F7F43D3007E35FD /* ZenigameEyeDh.tga */ = {isa = PBXFileReference; lastKnownFileType = file; path = ZenigameEyeDh.tga; sourceTree = "<group>"; };
		CE4F7D311F7F5382007E35FD /* PikachuMouthDh.png */ = {isa = PBXFileReference; lastKnownFileType = image.png; path = PikachuMouthDh.png; sourceTree = "<group>"; };
		CEB41CD11F7BFA34001B8594 /* Charmander.mtl */ = {isa = PBXFileReference; fileEncoding = 4; lastKnownFileType = text; path = Charmander.mtl; sourceTree = "<group>"; };
		CEB41CD21F7BFA34001B8594 /* Charmander.obj */ = {isa = PBXFileReference; fileEncoding = 4; lastKnownFileType = text; path = Charmander.obj; sourceTree = "<group>"; };
		CEB41CD31F7BFA34001B8594 /* Charmander.png */ = {isa = PBXFileReference; lastKnownFileType = image.png; path = Charmander.png; sourceTree = "<group>"; };
		CEB41CD51F7BFA34001B8594 /* hitokage_0_0.tga */ = {isa = PBXFileReference; lastKnownFileType = file; path = hitokage_0_0.tga; sourceTree = "<group>"; };
		CEB41CD61F7BFA34001B8594 /* hitokage_0_1.tga */ = {isa = PBXFileReference; lastKnownFileType = file; path = hitokage_0_1.tga; sourceTree = "<group>"; };
		CEB41CDC1F7BFB67001B8594 /* ChooseMViewController.swift */ = {isa = PBXFileReference; fileEncoding = 4; lastKnownFileType = sourcecode.swift; path = ChooseMViewController.swift; sourceTree = "<group>"; };
		CEB41CDE1F7BFBBA001B8594 /* ShowMViewController.swift */ = {isa = PBXFileReference; fileEncoding = 4; lastKnownFileType = sourcecode.swift; path = ShowMViewController.swift; sourceTree = "<group>"; };
		CEC57FE61F7E8DFD00ED18E3 /* Teddiursa.mtl */ = {isa = PBXFileReference; fileEncoding = 4; lastKnownFileType = text; path = Teddiursa.mtl; sourceTree = "<group>"; };
		CEC57FE71F7E8DFD00ED18E3 /* Teddiursa.obj */ = {isa = PBXFileReference; fileEncoding = 4; lastKnownFileType = text; path = Teddiursa.obj; sourceTree = "<group>"; };
		CEC57FE81F7E8DFD00ED18E3 /* Teddiursa.png */ = {isa = PBXFileReference; lastKnownFileType = image.png; path = Teddiursa.png; sourceTree = "<group>"; };
		CEC57FEA1F7E8DFD00ED18E3 /* HimegumaDh.tga */ = {isa = PBXFileReference; lastKnownFileType = file; path = HimegumaDh.tga; sourceTree = "<group>"; };
		CEC57FEB1F7E8DFD00ED18E3 /* HimegumaEyeDh.tga */ = {isa = PBXFileReference; lastKnownFileType = file; path = HimegumaEyeDh.tga; sourceTree = "<group>"; };
		CEC57FEC1F7E8DFD00ED18E3 /* HimegumaMouthDh.tga */ = {isa = PBXFileReference; lastKnownFileType = file; path = HimegumaMouthDh.tga; sourceTree = "<group>"; };
		CEC57FF51F7E8DFD00ED18E3 /* Pikachu.mtl */ = {isa = PBXFileReference; fileEncoding = 4; lastKnownFileType = text; path = Pikachu.mtl; sourceTree = "<group>"; };
		CEC57FF61F7E8DFD00ED18E3 /* Pikachu.obj */ = {isa = PBXFileReference; fileEncoding = 4; lastKnownFileType = text; path = Pikachu.obj; sourceTree = "<group>"; };
		CEC57FFD1F7E8DFD00ED18E3 /* Jirachi.mtl */ = {isa = PBXFileReference; fileEncoding = 4; lastKnownFileType = text; path = Jirachi.mtl; sourceTree = "<group>"; };
		CEC57FFE1F7E8DFD00ED18E3 /* Jirachi.obj */ = {isa = PBXFileReference; fileEncoding = 4; lastKnownFileType = text; path = Jirachi.obj; sourceTree = "<group>"; };
		CEC57FFF1F7E8DFD00ED18E3 /* Jirachi.png */ = {isa = PBXFileReference; lastKnownFileType = image.png; path = Jirachi.png; sourceTree = "<group>"; };
		CEC580011F7E8DFD00ED18E3 /* JirachiDh.tga */ = {isa = PBXFileReference; lastKnownFileType = file; path = JirachiDh.tga; sourceTree = "<group>"; };
		CEC580021F7E8DFD00ED18E3 /* JirachiEye3Dh.tga */ = {isa = PBXFileReference; lastKnownFileType = file; path = JirachiEye3Dh.tga; sourceTree = "<group>"; };
		CEC580031F7E8DFD00ED18E3 /* JirachiEyeDh.tga */ = {isa = PBXFileReference; lastKnownFileType = file; path = JirachiEyeDh.tga; sourceTree = "<group>"; };
		CEC580041F7E8DFD00ED18E3 /* JirachiMouthDh.tga */ = {isa = PBXFileReference; lastKnownFileType = file; path = JirachiMouthDh.tga; sourceTree = "<group>"; };
		CEC580061F7E8DFD00ED18E3 /* Bulbasaur.mtl */ = {isa = PBXFileReference; fileEncoding = 4; lastKnownFileType = text; path = Bulbasaur.mtl; sourceTree = "<group>"; };
		CEC580071F7E8DFD00ED18E3 /* Bulbasaur.obj */ = {isa = PBXFileReference; fileEncoding = 4; lastKnownFileType = text; path = Bulbasaur.obj; sourceTree = "<group>"; };
		CEC580081F7E8DFD00ED18E3 /* Bulbasaur.png */ = {isa = PBXFileReference; lastKnownFileType = image.png; path = Bulbasaur.png; sourceTree = "<group>"; };
		CEC5800A1F7E8DFD00ED18E3 /* FushigidaneDh.tga */ = {isa = PBXFileReference; lastKnownFileType = file; path = FushigidaneDh.tga; sourceTree = "<group>"; };
		CEC5800B1F7E8DFD00ED18E3 /* FushigidaneEyeDh.tga */ = {isa = PBXFileReference; lastKnownFileType = file; path = FushigidaneEyeDh.tga; sourceTree = "<group>"; };
		CEC5800D1F7E8DFD00ED18E3 /* Clefairy.mtl */ = {isa = PBXFileReference; fileEncoding = 4; lastKnownFileType = text; path = Clefairy.mtl; sourceTree = "<group>"; };
		CEC5800E1F7E8DFD00ED18E3 /* Clefairy.obj */ = {isa = PBXFileReference; fileEncoding = 4; lastKnownFileType = text; path = Clefairy.obj; sourceTree = "<group>"; };
		CEC5800F1F7E8DFD00ED18E3 /* Clefairy.png */ = {isa = PBXFileReference; lastKnownFileType = image.png; path = Clefairy.png; sourceTree = "<group>"; };
		CEC580111F7E8DFD00ED18E3 /* pippi_0_0.tga */ = {isa = PBXFileReference; lastKnownFileType = file; path = pippi_0_0.tga; sourceTree = "<group>"; };
		CEC580121F7E8DFD00ED18E3 /* pippi_0_1.tga */ = {isa = PBXFileReference; lastKnownFileType = file; path = pippi_0_1.tga; sourceTree = "<group>"; };
		CEC580131F7E8DFD00ED18E3 /* pippi_0_2.tga */ = {isa = PBXFileReference; lastKnownFileType = file; path = pippi_0_2.tga; sourceTree = "<group>"; };
		CEC580151F7E8DFD00ED18E3 /* Eevee.mtl */ = {isa = PBXFileReference; fileEncoding = 4; lastKnownFileType = text; path = Eevee.mtl; sourceTree = "<group>"; };
		CEC580161F7E8DFD00ED18E3 /* Eevee.obj */ = {isa = PBXFileReference; fileEncoding = 4; lastKnownFileType = text; path = Eevee.obj; sourceTree = "<group>"; };
		CEC580171F7E8DFD00ED18E3 /* Eevee.png */ = {isa = PBXFileReference; lastKnownFileType = image.png; path = Eevee.png; sourceTree = "<group>"; };
		CEC580191F7E8DFD00ED18E3 /* pm0133_00_Body1.png */ = {isa = PBXFileReference; lastKnownFileType = image.png; path = pm0133_00_Body1.png; sourceTree = "<group>"; };
		CEC5801A1F7E8DFD00ED18E3 /* pm0133_00_Eye1.png */ = {isa = PBXFileReference; lastKnownFileType = image.png; path = pm0133_00_Eye1.png; sourceTree = "<group>"; };
		CEC5801B1F7E8DFD00ED18E3 /* pm0133_00_Mouth1.png */ = {isa = PBXFileReference; lastKnownFileType = image.png; path = pm0133_00_Mouth1.png; sourceTree = "<group>"; };
		CEC5801D1F7E8DFD00ED18E3 /* Jigglypuff.mtl */ = {isa = PBXFileReference; fileEncoding = 4; lastKnownFileType = text; path = Jigglypuff.mtl; sourceTree = "<group>"; };
		CEC5801E1F7E8DFD00ED18E3 /* Jigglypuff.obj */ = {isa = PBXFileReference; fileEncoding = 4; lastKnownFileType = text; path = Jigglypuff.obj; sourceTree = "<group>"; };
		CEC5801F1F7E8DFD00ED18E3 /* Jigglypuff.png */ = {isa = PBXFileReference; lastKnownFileType = image.png; path = Jigglypuff.png; sourceTree = "<group>"; };
		CEC580211F7E8DFD00ED18E3 /* purin_0_0.tga */ = {isa = PBXFileReference; lastKnownFileType = file; path = purin_0_0.tga; sourceTree = "<group>"; };
		CEC5802C1F7E8DFD00ED18E3 /* Oddish.mtl */ = {isa = PBXFileReference; fileEncoding = 4; lastKnownFileType = text; path = Oddish.mtl; sourceTree = "<group>"; };
		CEC5802D1F7E8DFD00ED18E3 /* Oddish.obj */ = {isa = PBXFileReference; fileEncoding = 4; lastKnownFileType = text; path = Oddish.obj; sourceTree = "<group>"; };
		CEC5802E1F7E8DFD00ED18E3 /* oddish.png */ = {isa = PBXFileReference; lastKnownFileType = image.png; path = oddish.png; sourceTree = "<group>"; };
		CEC580301F7E8DFE00ED18E3 /* NazonokusaDh.tga */ = {isa = PBXFileReference; lastKnownFileType = file; path = NazonokusaDh.tga; sourceTree = "<group>"; };
		CEC580311F7E8DFE00ED18E3 /* NazonokusaEyeDh.tga */ = {isa = PBXFileReference; lastKnownFileType = file; path = NazonokusaEyeDh.tga; sourceTree = "<group>"; };
		CEC580321F7E8DFE00ED18E3 /* NazonokusaMouthDh.tga */ = {isa = PBXFileReference; lastKnownFileType = file; path = NazonokusaMouthDh.tga; sourceTree = "<group>"; };
		CEC5803B1F7E8DFE00ED18E3 /* RokonDh.tga */ = {isa = PBXFileReference; lastKnownFileType = file; path = RokonDh.tga; sourceTree = "<group>"; };
		CEC5803C1F7E8DFE00ED18E3 /* RokonEyeDh.tga */ = {isa = PBXFileReference; lastKnownFileType = file; path = RokonEyeDh.tga; sourceTree = "<group>"; };
		CEC5803D1F7E8DFE00ED18E3 /* RokonMouthDh.tga */ = {isa = PBXFileReference; lastKnownFileType = file; path = RokonMouthDh.tga; sourceTree = "<group>"; };
		CEC5803E1F7E8DFE00ED18E3 /* Vulpix.mtl */ = {isa = PBXFileReference; fileEncoding = 4; lastKnownFileType = text; path = Vulpix.mtl; sourceTree = "<group>"; };
		CEC5803F1F7E8DFE00ED18E3 /* Vulpix.obj */ = {isa = PBXFileReference; fileEncoding = 4; lastKnownFileType = text; path = Vulpix.obj; sourceTree = "<group>"; };
		CEC580401F7E8DFE00ED18E3 /* Vulpix.png */ = {isa = PBXFileReference; lastKnownFileType = image.png; path = Vulpix.png; sourceTree = "<group>"; };
		CEC580871F7EB34400ED18E3 /* PikachuDh.tga */ = {isa = PBXFileReference; lastKnownFileType = file; path = PikachuDh.tga; sourceTree = "<group>"; };
		CEC580881F7EB34400ED18E3 /* PikachuEyeDh.tga */ = {isa = PBXFileReference; lastKnownFileType = file; path = PikachuEyeDh.tga; sourceTree = "<group>"; };
		CEC580891F7EB34400ED18E3 /* PikachuHohoDh.tga */ = {isa = PBXFileReference; lastKnownFileType = file; path = PikachuHohoDh.tga; sourceTree = "<group>"; };
		CEC580921F7EB6BD00ED18E3 /* Haunter.mtl */ = {isa = PBXFileReference; fileEncoding = 4; lastKnownFileType = text; path = Haunter.mtl; sourceTree = "<group>"; };
		CEC580931F7EB6BD00ED18E3 /* Haunter.obj */ = {isa = PBXFileReference; fileEncoding = 4; lastKnownFileType = text; path = Haunter.obj; sourceTree = "<group>"; };
		CEC580951F7EB6BD00ED18E3 /* GhostDh.tga */ = {isa = PBXFileReference; lastKnownFileType = file; path = GhostDh.tga; sourceTree = "<group>"; };
		CEC580961F7EB6BD00ED18E3 /* GhostEyeDh.tga */ = {isa = PBXFileReference; lastKnownFileType = file; path = GhostEyeDh.tga; sourceTree = "<group>"; };
		CEC5809D1F7EBA6500ED18E3 /* Haunter.png */ = {isa = PBXFileReference; lastKnownFileType = image.png; path = Haunter.png; sourceTree = "<group>"; };
/* End PBXFileReference section */

/* Begin PBXFrameworksBuildPhase section */
		55DB88F01F1475280002CCA3 /* Frameworks */ = {
			isa = PBXFrameworksBuildPhase;
			buildActionMask = 2147483647;
			files = (
				555406691FC5B64D0004DD09 /* MapKit.framework in Frameworks */,
				7E70447E7E1D5533907920C3 /* Pods_Demo.framework in Frameworks */,
			);
			runOnlyForDeploymentPostprocessing = 0;
		};
/* End PBXFrameworksBuildPhase section */

/* Begin PBXGroup section */
		554102871F97A828007800A8 /* ViewControllers */ = {
			isa = PBXGroup;
			children = (
				55C529D31F6548C200F5927F /* HomeViewController.swift */,
				55DB891D1F1729810002CCA3 /* SignUpViewController.swift */,
				55DB891B1F1661F20002CCA3 /* LogInViewController.swift */,
				5560842A1F29BCD200B0D8EC /* MyProfileViewController.swift */,
				55B7A5921F6A413D006D3559 /* GenerateQRcodeViewController.swift */,
				5585E7431F828A9B003A3687 /* ScannerViewController.swift */,
				5535CB0B1F8B944400D199DB /* AddFriendViewController.swift */,
				5560842C1F2A03C700B0D8EC /* FriendsListViewController.swift */,
				5581642B1F8E0C2700A7B554 /* FriendsTableViewCell.swift */,
				CEB41CDC1F7BFB67001B8594 /* ChooseMViewController.swift */,
				CEB41CDE1F7BFBBA001B8594 /* ShowMViewController.swift */,
				556084301F2A0C5900B0D8EC /* AboutUsViewController.swift */,
				5560842E1F2A0C1D00B0D8EC /* MessageViewController.swift */,
				554102931F9CF84C007800A8 /* MessageTableViewCell.swift */,
				5541029F1FA08506007800A8 /* ChatViewController.swift */,
				5554F8921FA858AE00C1B19D /* ChatTableViewCell.swift */,
				558E9EA41FCC68A400D69CC8 /* ShowImageViewController.swift */,
				55481EE51FCD911600A0EEE6 /* MapViewController.swift */,
				CE16F96D1FD04426005CB5AF /* ExtractionViewController.swift */,
				CE16F96F1FD08958005CB5AF /* NoEctractViewController.swift */,
			);
			path = ViewControllers;
			sourceTree = "<group>";
		};
		554102881F97ACB6007800A8 /* Model */ = {
			isa = PBXGroup;
			children = (
				554102891F97ADC4007800A8 /* User.swift */,
				5541029D1FA079D0007800A8 /* Conversation.swift */,
				554102A41FA2246F007800A8 /* Message.swift */,
			);
			path = Model;
			sourceTree = "<group>";
		};
		554102A11FA221BA007800A8 /* Helper Files */ = {
			isa = PBXGroup;
			children = (
				554102A21FA2228A007800A8 /* Helper Files.swift */,
			);
			path = "Helper Files";
			sourceTree = "<group>";
		};
		55B7A57C1F683968006D3559 /* RHSideButtons */ = {
			isa = PBXGroup;
			children = (
				55B7A58F1F68C669006D3559 /* SideButton.swift */,
				55B7A5851F683968006D3559 /* RHSideButtons.h */,
				55B7A57D1F683968006D3559 /* Info.plist */,
				55B7A57E1F683968006D3559 /* RHSideButtons */,
			);
			path = RHSideButtons;
			sourceTree = "<group>";
		};
		55B7A57E1F683968006D3559 /* RHSideButtons */ = {
			isa = PBXGroup;
			children = (
				55B7A57F1F683968006D3559 /* RHButtonView.swift */,
				55B7A5801F683968006D3559 /* RHButtonViewConfigProtocol.swift */,
				55B7A5811F683968006D3559 /* RHSideButtonAnimator.swift */,
				55B7A5821F683968006D3559 /* RHSideButtonAnimatorProtocol.swift */,
				55B7A5831F683968006D3559 /* RHSideButtons.swift */,
				55B7A5841F683968006D3559 /* RHTriggerButtonView.swift */,
			);
			path = RHSideButtons;
			sourceTree = "<group>";
		};
		55DB88EA1F1475280002CCA3 = {
			isa = PBXGroup;
			children = (
				55DB88F51F1475280002CCA3 /* Demo */,
				55DB88F41F1475280002CCA3 /* Products */,
				AD3799275AAFB3E9BACBB107 /* Pods */,
				709121DE5137DF51D5133EE3 /* Frameworks */,
			);
			sourceTree = "<group>";
		};
		55DB88F41F1475280002CCA3 /* Products */ = {
			isa = PBXGroup;
			children = (
				55DB88F31F1475280002CCA3 /* Demo.app */,
			);
			name = Products;
			sourceTree = "<group>";
		};
		55DB88F51F1475280002CCA3 /* Demo */ = {
			isa = PBXGroup;
			children = (
				55B7A5911F690C67006D3559 /* Demo.entitlements */,
				55DB88F61F1475280002CCA3 /* AppDelegate.swift */,
				55DB88FA1F1475280002CCA3 /* Main.storyboard */,
				55DB88FF1F1475280002CCA3 /* LaunchScreen.storyboard */,
				55DB88FD1F1475280002CCA3 /* Assets.xcassets */,
				CEB41CCF1F7BFA34001B8594 /* 3D */,
				55B7A57C1F683968006D3559 /* RHSideButtons */,
				554102871F97A828007800A8 /* ViewControllers */,
				554102881F97ACB6007800A8 /* Model */,
				554102A11FA221BA007800A8 /* Helper Files */,
				C246545F1F612ED800E8643B /* IBTextField.swift */,
				55A79B791F46BAD30076CE60 /* Button.swift */,
				C24654611F66AEEA00E8643B /* IBImageView.swift */,
				554B0E3C1F471F0D0016E154 /* UIImage+Scale.swift */,
				55DB89021F1475280002CCA3 /* Info.plist */,
				556084231F26FA3E00B0D8EC /* GoogleService-Info.plist */,
			);
			path = Demo;
			sourceTree = "<group>";
		};
		709121DE5137DF51D5133EE3 /* Frameworks */ = {
			isa = PBXGroup;
			children = (
				555406681FC5B64D0004DD09 /* MapKit.framework */,
				CD7EFD29A223606BF9C62292 /* Pods_Demo.framework */,
			);
			name = Frameworks;
			sourceTree = "<group>";
		};
		AD3799275AAFB3E9BACBB107 /* Pods */ = {
			isa = PBXGroup;
			children = (
				0851D89E137C11BBFECCA286 /* Pods-Demo.debug.xcconfig */,
				2967EDC36D1AC222AE841D80 /* Pods-Demo.release.xcconfig */,
			);
			name = Pods;
			sourceTree = "<group>";
		};
		CE4F7D241F7F43D3007E35FD /* Squirtle */ = {
			isa = PBXGroup;
			children = (
				CE4F7D251F7F43D3007E35FD /* Squirtle.mtl */,
				CE4F7D261F7F43D3007E35FD /* Squirtle.obj */,
				CE4F7D271F7F43D3007E35FD /* Squirtle.png */,
				CE4F7D281F7F43D3007E35FD /* Textures */,
			);
			path = Squirtle;
			sourceTree = "<group>";
		};
		CE4F7D281F7F43D3007E35FD /* Textures */ = {
			isa = PBXGroup;
			children = (
				CE4F7D291F7F43D3007E35FD /* ZenigameDh.tga */,
				CE4F7D2A1F7F43D3007E35FD /* ZenigameEyeDh.tga */,
			);
			path = Textures;
			sourceTree = "<group>";
		};
		CEB41CCF1F7BFA34001B8594 /* 3D */ = {
			isa = PBXGroup;
			children = (
				CE4F7D241F7F43D3007E35FD /* Squirtle */,
				CEC580911F7EB6BD00ED18E3 /* Haunter */,
				CEC57FE51F7E8DFD00ED18E3 /* Teddiursa */,
				CEC57FF41F7E8DFD00ED18E3 /* Pikachu */,
				CEC57FFC1F7E8DFD00ED18E3 /* Jirachi */,
				CEC580051F7E8DFD00ED18E3 /* Bulbasaur */,
				CEC5800C1F7E8DFD00ED18E3 /* Clefairy */,
				CEC580141F7E8DFD00ED18E3 /* Eevee */,
				CEC5801C1F7E8DFD00ED18E3 /* Jigglypuff */,
				CEC5802B1F7E8DFD00ED18E3 /* Oddish */,
				CEC580391F7E8DFE00ED18E3 /* Vulpix */,
				CEB41CD01F7BFA34001B8594 /* Charmander */,
			);
			path = 3D;
			sourceTree = "<group>";
		};
		CEB41CD01F7BFA34001B8594 /* Charmander */ = {
			isa = PBXGroup;
			children = (
				CEB41CD11F7BFA34001B8594 /* Charmander.mtl */,
				CEB41CD21F7BFA34001B8594 /* Charmander.obj */,
				CEB41CD31F7BFA34001B8594 /* Charmander.png */,
				CEB41CD41F7BFA34001B8594 /* Textures */,
			);
			path = Charmander;
			sourceTree = "<group>";
		};
		CEB41CD41F7BFA34001B8594 /* Textures */ = {
			isa = PBXGroup;
			children = (
				CEB41CD51F7BFA34001B8594 /* hitokage_0_0.tga */,
				CEB41CD61F7BFA34001B8594 /* hitokage_0_1.tga */,
			);
			path = Textures;
			sourceTree = "<group>";
		};
		CEC57FE51F7E8DFD00ED18E3 /* Teddiursa */ = {
			isa = PBXGroup;
			children = (
				CEC57FE61F7E8DFD00ED18E3 /* Teddiursa.mtl */,
				CEC57FE71F7E8DFD00ED18E3 /* Teddiursa.obj */,
				CEC57FE81F7E8DFD00ED18E3 /* Teddiursa.png */,
				CEC57FE91F7E8DFD00ED18E3 /* Textures */,
			);
			path = Teddiursa;
			sourceTree = "<group>";
		};
		CEC57FE91F7E8DFD00ED18E3 /* Textures */ = {
			isa = PBXGroup;
			children = (
				CEC57FEA1F7E8DFD00ED18E3 /* HimegumaDh.tga */,
				CEC57FEB1F7E8DFD00ED18E3 /* HimegumaEyeDh.tga */,
				CEC57FEC1F7E8DFD00ED18E3 /* HimegumaMouthDh.tga */,
			);
			path = Textures;
			sourceTree = "<group>";
		};
		CEC57FF41F7E8DFD00ED18E3 /* Pikachu */ = {
			isa = PBXGroup;
			children = (
				CEC580861F7EB34400ED18E3 /* Textures */,
				CEC57FF51F7E8DFD00ED18E3 /* Pikachu.mtl */,
				CEC57FF61F7E8DFD00ED18E3 /* Pikachu.obj */,
				5541028B1F99D158007800A8 /* Pikachu.png */,
			);
			path = Pikachu;
			sourceTree = "<group>";
		};
		CEC57FFC1F7E8DFD00ED18E3 /* Jirachi */ = {
			isa = PBXGroup;
			children = (
				CEC57FFD1F7E8DFD00ED18E3 /* Jirachi.mtl */,
				CEC57FFE1F7E8DFD00ED18E3 /* Jirachi.obj */,
				CEC57FFF1F7E8DFD00ED18E3 /* Jirachi.png */,
				CEC580001F7E8DFD00ED18E3 /* Textures */,
			);
			path = Jirachi;
			sourceTree = "<group>";
		};
		CEC580001F7E8DFD00ED18E3 /* Textures */ = {
			isa = PBXGroup;
			children = (
				CEC580011F7E8DFD00ED18E3 /* JirachiDh.tga */,
				CEC580021F7E8DFD00ED18E3 /* JirachiEye3Dh.tga */,
				CEC580031F7E8DFD00ED18E3 /* JirachiEyeDh.tga */,
				CEC580041F7E8DFD00ED18E3 /* JirachiMouthDh.tga */,
			);
			path = Textures;
			sourceTree = "<group>";
		};
		CEC580051F7E8DFD00ED18E3 /* Bulbasaur */ = {
			isa = PBXGroup;
			children = (
				CEC580061F7E8DFD00ED18E3 /* Bulbasaur.mtl */,
				CEC580071F7E8DFD00ED18E3 /* Bulbasaur.obj */,
				CEC580081F7E8DFD00ED18E3 /* Bulbasaur.png */,
				CEC580091F7E8DFD00ED18E3 /* Textures */,
			);
			path = Bulbasaur;
			sourceTree = "<group>";
		};
		CEC580091F7E8DFD00ED18E3 /* Textures */ = {
			isa = PBXGroup;
			children = (
				CEC5800A1F7E8DFD00ED18E3 /* FushigidaneDh.tga */,
				CEC5800B1F7E8DFD00ED18E3 /* FushigidaneEyeDh.tga */,
			);
			path = Textures;
			sourceTree = "<group>";
		};
		CEC5800C1F7E8DFD00ED18E3 /* Clefairy */ = {
			isa = PBXGroup;
			children = (
				CEC5800D1F7E8DFD00ED18E3 /* Clefairy.mtl */,
				CEC5800E1F7E8DFD00ED18E3 /* Clefairy.obj */,
				CEC5800F1F7E8DFD00ED18E3 /* Clefairy.png */,
				CEC580101F7E8DFD00ED18E3 /* Textures */,
			);
			path = Clefairy;
			sourceTree = "<group>";
		};
		CEC580101F7E8DFD00ED18E3 /* Textures */ = {
			isa = PBXGroup;
			children = (
				CEC580111F7E8DFD00ED18E3 /* pippi_0_0.tga */,
				CEC580121F7E8DFD00ED18E3 /* pippi_0_1.tga */,
				CEC580131F7E8DFD00ED18E3 /* pippi_0_2.tga */,
			);
			path = Textures;
			sourceTree = "<group>";
		};
		CEC580141F7E8DFD00ED18E3 /* Eevee */ = {
			isa = PBXGroup;
			children = (
				CEC580151F7E8DFD00ED18E3 /* Eevee.mtl */,
				CEC580161F7E8DFD00ED18E3 /* Eevee.obj */,
				CEC580171F7E8DFD00ED18E3 /* Eevee.png */,
				CEC580181F7E8DFD00ED18E3 /* Textures */,
			);
			path = Eevee;
			sourceTree = "<group>";
		};
		CEC580181F7E8DFD00ED18E3 /* Textures */ = {
			isa = PBXGroup;
			children = (
				CEC580191F7E8DFD00ED18E3 /* pm0133_00_Body1.png */,
				CEC5801A1F7E8DFD00ED18E3 /* pm0133_00_Eye1.png */,
				CEC5801B1F7E8DFD00ED18E3 /* pm0133_00_Mouth1.png */,
			);
			path = Textures;
			sourceTree = "<group>";
		};
		CEC5801C1F7E8DFD00ED18E3 /* Jigglypuff */ = {
			isa = PBXGroup;
			children = (
				CEC5801D1F7E8DFD00ED18E3 /* Jigglypuff.mtl */,
				CEC5801E1F7E8DFD00ED18E3 /* Jigglypuff.obj */,
				CEC5801F1F7E8DFD00ED18E3 /* Jigglypuff.png */,
				CEC580201F7E8DFD00ED18E3 /* Textures */,
			);
			path = Jigglypuff;
			sourceTree = "<group>";
		};
		CEC580201F7E8DFD00ED18E3 /* Textures */ = {
			isa = PBXGroup;
			children = (
				CEC580211F7E8DFD00ED18E3 /* purin_0_0.tga */,
			);
			path = Textures;
			sourceTree = "<group>";
		};
		CEC5802B1F7E8DFD00ED18E3 /* Oddish */ = {
			isa = PBXGroup;
			children = (
				CEC5802C1F7E8DFD00ED18E3 /* Oddish.mtl */,
				CEC5802D1F7E8DFD00ED18E3 /* Oddish.obj */,
				CEC5802E1F7E8DFD00ED18E3 /* oddish.png */,
				CEC5802F1F7E8DFD00ED18E3 /* Textures */,
			);
			path = Oddish;
			sourceTree = "<group>";
		};
		CEC5802F1F7E8DFD00ED18E3 /* Textures */ = {
			isa = PBXGroup;
			children = (
				CEC580301F7E8DFE00ED18E3 /* NazonokusaDh.tga */,
				CEC580311F7E8DFE00ED18E3 /* NazonokusaEyeDh.tga */,
				CEC580321F7E8DFE00ED18E3 /* NazonokusaMouthDh.tga */,
			);
			path = Textures;
			sourceTree = "<group>";
		};
		CEC580391F7E8DFE00ED18E3 /* Vulpix */ = {
			isa = PBXGroup;
			children = (
				CEC5803A1F7E8DFE00ED18E3 /* Textures */,
				CEC5803E1F7E8DFE00ED18E3 /* Vulpix.mtl */,
				CEC5803F1F7E8DFE00ED18E3 /* Vulpix.obj */,
				CEC580401F7E8DFE00ED18E3 /* Vulpix.png */,
			);
			path = Vulpix;
			sourceTree = "<group>";
		};
		CEC5803A1F7E8DFE00ED18E3 /* Textures */ = {
			isa = PBXGroup;
			children = (
				CEC5803B1F7E8DFE00ED18E3 /* RokonDh.tga */,
				CEC5803C1F7E8DFE00ED18E3 /* RokonEyeDh.tga */,
				CEC5803D1F7E8DFE00ED18E3 /* RokonMouthDh.tga */,
			);
			path = Textures;
			sourceTree = "<group>";
		};
		CEC580861F7EB34400ED18E3 /* Textures */ = {
			isa = PBXGroup;
			children = (
				CE4F7D311F7F5382007E35FD /* PikachuMouthDh.png */,
				CEC580871F7EB34400ED18E3 /* PikachuDh.tga */,
				CEC580881F7EB34400ED18E3 /* PikachuEyeDh.tga */,
				CEC580891F7EB34400ED18E3 /* PikachuHohoDh.tga */,
			);
			path = Textures;
			sourceTree = "<group>";
		};
		CEC580911F7EB6BD00ED18E3 /* Haunter */ = {
			isa = PBXGroup;
			children = (
				CEC5809D1F7EBA6500ED18E3 /* Haunter.png */,
				CEC580921F7EB6BD00ED18E3 /* Haunter.mtl */,
				CEC580931F7EB6BD00ED18E3 /* Haunter.obj */,
				CEC580941F7EB6BD00ED18E3 /* Textures */,
			);
			path = Haunter;
			sourceTree = "<group>";
		};
		CEC580941F7EB6BD00ED18E3 /* Textures */ = {
			isa = PBXGroup;
			children = (
				CEC580951F7EB6BD00ED18E3 /* GhostDh.tga */,
				CEC580961F7EB6BD00ED18E3 /* GhostEyeDh.tga */,
			);
			path = Textures;
			sourceTree = "<group>";
		};
/* End PBXGroup section */

/* Begin PBXNativeTarget section */
		55DB88F21F1475280002CCA3 /* Demo */ = {
			isa = PBXNativeTarget;
			buildConfigurationList = 55DB89051F1475280002CCA3 /* Build configuration list for PBXNativeTarget "Demo" */;
			buildPhases = (
				E87C12E9D8EA6C526EC20031 /* [CP] Check Pods Manifest.lock */,
				55DB88EF1F1475280002CCA3 /* Sources */,
				55DB88F01F1475280002CCA3 /* Frameworks */,
				55DB88F11F1475280002CCA3 /* Resources */,
				4AED4F609395EE6F77D948F0 /* [CP] Embed Pods Frameworks */,
				8D130B8A51F9B6D52CBA6DBA /* [CP] Copy Pods Resources */,
			);
			buildRules = (
			);
			dependencies = (
			);
			name = Demo;
			productName = Demo;
			productReference = 55DB88F31F1475280002CCA3 /* Demo.app */;
			productType = "com.apple.product-type.application";
		};
/* End PBXNativeTarget section */

/* Begin PBXProject section */
		55DB88EB1F1475280002CCA3 /* Project object */ = {
			isa = PBXProject;
			attributes = {
				LastSwiftUpdateCheck = 0830;
				LastUpgradeCheck = 0830;
				ORGANIZATIONNAME = U.K.A;
				TargetAttributes = {
					55DB88F21F1475280002CCA3 = {
						CreatedOnToolsVersion = 8.3.2;
						DevelopmentTeam = R577YJV57H;
						LastSwiftMigration = 0830;
						ProvisioningStyle = Automatic;
						SystemCapabilities = {
							com.apple.Keychain = {
								enabled = 1;
							};
							com.apple.Maps.iOS = {
								enabled = 1;
							};
						};
					};
				};
			};
			buildConfigurationList = 55DB88EE1F1475280002CCA3 /* Build configuration list for PBXProject "Demo" */;
			compatibilityVersion = "Xcode 3.2";
			developmentRegion = English;
			hasScannedForEncodings = 0;
			knownRegions = (
				en,
				Base,
			);
			mainGroup = 55DB88EA1F1475280002CCA3;
			productRefGroup = 55DB88F41F1475280002CCA3 /* Products */;
			projectDirPath = "";
			projectRoot = "";
			targets = (
				55DB88F21F1475280002CCA3 /* Demo */,
			);
		};
/* End PBXProject section */

/* Begin PBXResourcesBuildPhase section */
		55DB88F11F1475280002CCA3 /* Resources */ = {
			isa = PBXResourcesBuildPhase;
			buildActionMask = 2147483647;
			files = (
				CEC580691F7E8DFE00ED18E3 /* pm0133_00_Eye1.png in Resources */,
				CEC5806D1F7E8DFE00ED18E3 /* Jigglypuff.png in Resources */,
				CEC5808E1F7EB34400ED18E3 /* PikachuHohoDh.tga in Resources */,
				CEC580591F7E8DFE00ED18E3 /* JirachiMouthDh.tga in Resources */,
				CEC580671F7E8DFE00ED18E3 /* Eevee.png in Resources */,
				CEC580971F7EB6BD00ED18E3 /* Haunter.mtl in Resources */,
				CEB41CD71F7BFA34001B8594 /* Charmander.mtl in Resources */,
				CEC5804E1F7E8DFE00ED18E3 /* Pikachu.obj in Resources */,
				CEB41CD81F7BFA34001B8594 /* Charmander.obj in Resources */,
				CEC5807B1F7E8DFE00ED18E3 /* NazonokusaMouthDh.tga in Resources */,
				CEC580801F7E8DFE00ED18E3 /* RokonDh.tga in Resources */,
				CEC5808D1F7EB34400ED18E3 /* PikachuEyeDh.tga in Resources */,
				CEC5805E1F7E8DFE00ED18E3 /* FushigidaneEyeDh.tga in Resources */,
				CEC580611F7E8DFE00ED18E3 /* Clefairy.png in Resources */,
				CEC580621F7E8DFE00ED18E3 /* pippi_0_0.tga in Resources */,
				CEC580811F7E8DFE00ED18E3 /* RokonEyeDh.tga in Resources */,
				CEC5806E1F7E8DFE00ED18E3 /* purin_0_0.tga in Resources */,
				CEC580651F7E8DFE00ED18E3 /* Eevee.mtl in Resources */,
				CE4F7D2F1F7F43D3007E35FD /* ZenigameEyeDh.tga in Resources */,
				55DB89011F1475280002CCA3 /* LaunchScreen.storyboard in Resources */,
				CEC5807A1F7E8DFE00ED18E3 /* NazonokusaEyeDh.tga in Resources */,
				CEC580981F7EB6BD00ED18E3 /* Haunter.obj in Resources */,
				CEC580461F7E8DFE00ED18E3 /* HimegumaMouthDh.tga in Resources */,
				CEC580661F7E8DFE00ED18E3 /* Eevee.obj in Resources */,
				CEC5806B1F7E8DFE00ED18E3 /* Jigglypuff.mtl in Resources */,
				CEC580771F7E8DFE00ED18E3 /* Oddish.obj in Resources */,
				CEC580531F7E8DFE00ED18E3 /* Jirachi.mtl in Resources */,
				CEC5805A1F7E8DFE00ED18E3 /* Bulbasaur.mtl in Resources */,
				CEC580791F7E8DFE00ED18E3 /* NazonokusaDh.tga in Resources */,
				CEC580831F7E8DFE00ED18E3 /* Vulpix.mtl in Resources */,
				CEC5806A1F7E8DFE00ED18E3 /* pm0133_00_Mouth1.png in Resources */,
				CEC580841F7E8DFE00ED18E3 /* Vulpix.obj in Resources */,
				CEC5805F1F7E8DFE00ED18E3 /* Clefairy.mtl in Resources */,
				556084241F26FA3E00B0D8EC /* GoogleService-Info.plist in Resources */,
				CEC5805C1F7E8DFE00ED18E3 /* Bulbasaur.png in Resources */,
				55DB88FE1F1475280002CCA3 /* Assets.xcassets in Resources */,
				CE4F7D2C1F7F43D3007E35FD /* Squirtle.obj in Resources */,
				CEC580541F7E8DFE00ED18E3 /* Jirachi.obj in Resources */,
				CEC580761F7E8DFE00ED18E3 /* Oddish.mtl in Resources */,
				CEC580821F7E8DFE00ED18E3 /* RokonMouthDh.tga in Resources */,
				CEC580601F7E8DFE00ED18E3 /* Clefairy.obj in Resources */,
				CEC580781F7E8DFE00ED18E3 /* oddish.png in Resources */,
				CEC580851F7E8DFE00ED18E3 /* Vulpix.png in Resources */,
				CEC580431F7E8DFE00ED18E3 /* Teddiursa.png in Resources */,
				CEB41CDB1F7BFA34001B8594 /* hitokage_0_1.tga in Resources */,
				CEC580411F7E8DFE00ED18E3 /* Teddiursa.mtl in Resources */,
				CEC580631F7E8DFE00ED18E3 /* pippi_0_1.tga in Resources */,
				CEC5805B1F7E8DFE00ED18E3 /* Bulbasaur.obj in Resources */,
				CEC580581F7E8DFE00ED18E3 /* JirachiEyeDh.tga in Resources */,
				55B7A5861F683968006D3559 /* Info.plist in Resources */,
				CE4F7D2D1F7F43D3007E35FD /* Squirtle.png in Resources */,
				CEC5805D1F7E8DFE00ED18E3 /* FushigidaneDh.tga in Resources */,
				CE4F7D2E1F7F43D3007E35FD /* ZenigameDh.tga in Resources */,
				5541028C1F99D159007800A8 /* Pikachu.png in Resources */,
				CEC5809A1F7EB6BD00ED18E3 /* GhostEyeDh.tga in Resources */,
				CEC5806C1F7E8DFE00ED18E3 /* Jigglypuff.obj in Resources */,
				CEC5804D1F7E8DFE00ED18E3 /* Pikachu.mtl in Resources */,
				CEC5809E1F7EBA6500ED18E3 /* Haunter.png in Resources */,
				CEB41CDA1F7BFA34001B8594 /* hitokage_0_0.tga in Resources */,
				CEC580641F7E8DFE00ED18E3 /* pippi_0_2.tga in Resources */,
				CEB41CD91F7BFA34001B8594 /* Charmander.png in Resources */,
				CEC580551F7E8DFE00ED18E3 /* Jirachi.png in Resources */,
				CEC580451F7E8DFE00ED18E3 /* HimegumaEyeDh.tga in Resources */,
				CEC580441F7E8DFE00ED18E3 /* HimegumaDh.tga in Resources */,
				CEC580681F7E8DFE00ED18E3 /* pm0133_00_Body1.png in Resources */,
				CEC580991F7EB6BD00ED18E3 /* GhostDh.tga in Resources */,
				CEC580561F7E8DFE00ED18E3 /* JirachiDh.tga in Resources */,
				CE4F7D321F7F5382007E35FD /* PikachuMouthDh.png in Resources */,
				55DB88FC1F1475280002CCA3 /* Main.storyboard in Resources */,
				CE4F7D2B1F7F43D3007E35FD /* Squirtle.mtl in Resources */,
				CEC580421F7E8DFE00ED18E3 /* Teddiursa.obj in Resources */,
				CEC5808C1F7EB34400ED18E3 /* PikachuDh.tga in Resources */,
				CEC580571F7E8DFE00ED18E3 /* JirachiEye3Dh.tga in Resources */,
			);
			runOnlyForDeploymentPostprocessing = 0;
		};
/* End PBXResourcesBuildPhase section */

/* Begin PBXShellScriptBuildPhase section */
		4AED4F609395EE6F77D948F0 /* [CP] Embed Pods Frameworks */ = {
			isa = PBXShellScriptBuildPhase;
			buildActionMask = 2147483647;
			files = (
			);
			inputPaths = (
			);
			name = "[CP] Embed Pods Frameworks";
			outputPaths = (
			);
			runOnlyForDeploymentPostprocessing = 0;
			shellPath = /bin/sh;
			shellScript = "\"${SRCROOT}/Pods/Target Support Files/Pods-Demo/Pods-Demo-frameworks.sh\"\n";
			showEnvVarsInLog = 0;
		};
		8D130B8A51F9B6D52CBA6DBA /* [CP] Copy Pods Resources */ = {
			isa = PBXShellScriptBuildPhase;
			buildActionMask = 2147483647;
			files = (
			);
			inputPaths = (
			);
			name = "[CP] Copy Pods Resources";
			outputPaths = (
			);
			runOnlyForDeploymentPostprocessing = 0;
			shellPath = /bin/sh;
			shellScript = "\"${SRCROOT}/Pods/Target Support Files/Pods-Demo/Pods-Demo-resources.sh\"\n";
			showEnvVarsInLog = 0;
		};
		E87C12E9D8EA6C526EC20031 /* [CP] Check Pods Manifest.lock */ = {
			isa = PBXShellScriptBuildPhase;
			buildActionMask = 2147483647;
			files = (
			);
			inputPaths = (
			);
			name = "[CP] Check Pods Manifest.lock";
			outputPaths = (
			);
			runOnlyForDeploymentPostprocessing = 0;
			shellPath = /bin/sh;
			shellScript = "diff \"${PODS_PODFILE_DIR_PATH}/Podfile.lock\" \"${PODS_ROOT}/Manifest.lock\" > /dev/null\nif [ $? != 0 ] ; then\n    # print error to STDERR\n    echo \"error: The sandbox is not in sync with the Podfile.lock. Run 'pod install' or update your CocoaPods installation.\" >&2\n    exit 1\nfi\n";
			showEnvVarsInLog = 0;
		};
/* End PBXShellScriptBuildPhase section */

/* Begin PBXSourcesBuildPhase section */
		55DB88EF1F1475280002CCA3 /* Sources */ = {
			isa = PBXSourcesBuildPhase;
			buildActionMask = 2147483647;
			files = (
				5560842B1F29BCD200B0D8EC /* MyProfileViewController.swift in Sources */,
				556084311F2A0C5900B0D8EC /* AboutUsViewController.swift in Sources */,
				55B7A5871F683968006D3559 /* RHButtonView.swift in Sources */,
				55B7A5931F6A413D006D3559 /* GenerateQRcodeViewController.swift in Sources */,
				5541029E1FA079D0007800A8 /* Conversation.swift in Sources */,
				C24654621F66AEEA00E8643B /* IBImageView.swift in Sources */,
				5541028A1F97ADC4007800A8 /* User.swift in Sources */,
				55C529D41F6548C200F5927F /* HomeViewController.swift in Sources */,
				554102A31FA2228A007800A8 /* Helper Files.swift in Sources */,
				CEB41CDF1F7BFBBA001B8594 /* ShowMViewController.swift in Sources */,
				5585E7441F828A9B003A3687 /* ScannerViewController.swift in Sources */,
				5560842F1F2A0C1D00B0D8EC /* MessageViewController.swift in Sources */,
				55481EE61FCD911600A0EEE6 /* MapViewController.swift in Sources */,
				55B7A58C1F683968006D3559 /* RHTriggerButtonView.swift in Sources */,
				554102941F9CF84C007800A8 /* MessageTableViewCell.swift in Sources */,
				558E9EA51FCC68A400D69CC8 /* ShowImageViewController.swift in Sources */,
				55B7A58B1F683968006D3559 /* RHSideButtons.swift in Sources */,
				554B0E3D1F471F0E0016E154 /* UIImage+Scale.swift in Sources */,
				55B7A5891F683968006D3559 /* RHSideButtonAnimator.swift in Sources */,
				55B7A5901F68C669006D3559 /* SideButton.swift in Sources */,
				55A79B7A1F46BAD30076CE60 /* Button.swift in Sources */,
				CEB41CDD1F7BFB67001B8594 /* ChooseMViewController.swift in Sources */,
				CE16F9701FD08959005CB5AF /* NoEctractViewController.swift in Sources */,
				554102A51FA2246F007800A8 /* Message.swift in Sources */,
				5554F8931FA858AE00C1B19D /* ChatTableViewCell.swift in Sources */,
				5560842D1F2A03C700B0D8EC /* FriendsListViewController.swift in Sources */,
				5581642C1F8E0C2700A7B554 /* FriendsTableViewCell.swift in Sources */,
				55B7A58A1F683968006D3559 /* RHSideButtonAnimatorProtocol.swift in Sources */,
				55B7A5881F683968006D3559 /* RHButtonViewConfigProtocol.swift in Sources */,
				55DB88F71F1475280002CCA3 /* AppDelegate.swift in Sources */,
				C24654601F612ED800E8643B /* IBTextField.swift in Sources */,
				5535CB0C1F8B944400D199DB /* AddFriendViewController.swift in Sources */,
				55DB891E1F1729810002CCA3 /* SignUpViewController.swift in Sources */,
				CE16F96E1FD04426005CB5AF /* ExtractionViewController.swift in Sources */,
				554102A01FA08506007800A8 /* ChatViewController.swift in Sources */,
				55DB891C1F1661F20002CCA3 /* LogInViewController.swift in Sources */,
			);
			runOnlyForDeploymentPostprocessing = 0;
		};
/* End PBXSourcesBuildPhase section */

/* Begin PBXVariantGroup section */
		55DB88FA1F1475280002CCA3 /* Main.storyboard */ = {
			isa = PBXVariantGroup;
			children = (
				55DB88FB1F1475280002CCA3 /* Base */,
			);
			name = Main.storyboard;
			sourceTree = "<group>";
		};
		55DB88FF1F1475280002CCA3 /* LaunchScreen.storyboard */ = {
			isa = PBXVariantGroup;
			children = (
				55DB89001F1475280002CCA3 /* Base */,
			);
			name = LaunchScreen.storyboard;
			sourceTree = "<group>";
		};
/* End PBXVariantGroup section */

/* Begin XCBuildConfiguration section */
		55DB89031F1475280002CCA3 /* Debug */ = {
			isa = XCBuildConfiguration;
			buildSettings = {
				ALWAYS_SEARCH_USER_PATHS = NO;
				CLANG_ANALYZER_NONNULL = YES;
				CLANG_ANALYZER_NUMBER_OBJECT_CONVERSION = YES_AGGRESSIVE;
				CLANG_CXX_LANGUAGE_STANDARD = "gnu++0x";
				CLANG_CXX_LIBRARY = "libc++";
				CLANG_ENABLE_MODULES = YES;
				CLANG_ENABLE_OBJC_ARC = YES;
				CLANG_WARN_BOOL_CONVERSION = YES;
				CLANG_WARN_CONSTANT_CONVERSION = YES;
				CLANG_WARN_DIRECT_OBJC_ISA_USAGE = YES_ERROR;
				CLANG_WARN_DOCUMENTATION_COMMENTS = YES;
				CLANG_WARN_EMPTY_BODY = YES;
				CLANG_WARN_ENUM_CONVERSION = YES;
				CLANG_WARN_INFINITE_RECURSION = YES;
				CLANG_WARN_INT_CONVERSION = YES;
				CLANG_WARN_OBJC_ROOT_CLASS = YES_ERROR;
				CLANG_WARN_SUSPICIOUS_MOVE = YES;
				CLANG_WARN_UNREACHABLE_CODE = YES;
				CLANG_WARN__DUPLICATE_METHOD_MATCH = YES;
				"CODE_SIGN_IDENTITY[sdk=iphoneos*]" = "iPhone Developer";
				COPY_PHASE_STRIP = NO;
				DEBUG_INFORMATION_FORMAT = dwarf;
				ENABLE_STRICT_OBJC_MSGSEND = YES;
				ENABLE_TESTABILITY = YES;
				GCC_C_LANGUAGE_STANDARD = gnu99;
				GCC_DYNAMIC_NO_PIC = NO;
				GCC_NO_COMMON_BLOCKS = YES;
				GCC_OPTIMIZATION_LEVEL = 0;
				GCC_PREPROCESSOR_DEFINITIONS = (
					"DEBUG=1",
					"$(inherited)",
				);
				GCC_WARN_64_TO_32_BIT_CONVERSION = YES;
				GCC_WARN_ABOUT_RETURN_TYPE = YES_ERROR;
				GCC_WARN_UNDECLARED_SELECTOR = YES;
				GCC_WARN_UNINITIALIZED_AUTOS = YES_AGGRESSIVE;
				GCC_WARN_UNUSED_FUNCTION = YES;
				GCC_WARN_UNUSED_VARIABLE = YES;
				IPHONEOS_DEPLOYMENT_TARGET = 10.3;
				MTL_ENABLE_DEBUG_INFO = YES;
				ONLY_ACTIVE_ARCH = YES;
				SDKROOT = iphoneos;
				SWIFT_ACTIVE_COMPILATION_CONDITIONS = DEBUG;
				SWIFT_OPTIMIZATION_LEVEL = "-Onone";
			};
			name = Debug;
		};
		55DB89041F1475280002CCA3 /* Release */ = {
			isa = XCBuildConfiguration;
			buildSettings = {
				ALWAYS_SEARCH_USER_PATHS = NO;
				CLANG_ANALYZER_NONNULL = YES;
				CLANG_ANALYZER_NUMBER_OBJECT_CONVERSION = YES_AGGRESSIVE;
				CLANG_CXX_LANGUAGE_STANDARD = "gnu++0x";
				CLANG_CXX_LIBRARY = "libc++";
				CLANG_ENABLE_MODULES = YES;
				CLANG_ENABLE_OBJC_ARC = YES;
				CLANG_WARN_BOOL_CONVERSION = YES;
				CLANG_WARN_CONSTANT_CONVERSION = YES;
				CLANG_WARN_DIRECT_OBJC_ISA_USAGE = YES_ERROR;
				CLANG_WARN_DOCUMENTATION_COMMENTS = YES;
				CLANG_WARN_EMPTY_BODY = YES;
				CLANG_WARN_ENUM_CONVERSION = YES;
				CLANG_WARN_INFINITE_RECURSION = YES;
				CLANG_WARN_INT_CONVERSION = YES;
				CLANG_WARN_OBJC_ROOT_CLASS = YES_ERROR;
				CLANG_WARN_SUSPICIOUS_MOVE = YES;
				CLANG_WARN_UNREACHABLE_CODE = YES;
				CLANG_WARN__DUPLICATE_METHOD_MATCH = YES;
				"CODE_SIGN_IDENTITY[sdk=iphoneos*]" = "iPhone Developer";
				COPY_PHASE_STRIP = NO;
				DEBUG_INFORMATION_FORMAT = "dwarf-with-dsym";
				ENABLE_NS_ASSERTIONS = NO;
				ENABLE_STRICT_OBJC_MSGSEND = YES;
				GCC_C_LANGUAGE_STANDARD = gnu99;
				GCC_NO_COMMON_BLOCKS = YES;
				GCC_WARN_64_TO_32_BIT_CONVERSION = YES;
				GCC_WARN_ABOUT_RETURN_TYPE = YES_ERROR;
				GCC_WARN_UNDECLARED_SELECTOR = YES;
				GCC_WARN_UNINITIALIZED_AUTOS = YES_AGGRESSIVE;
				GCC_WARN_UNUSED_FUNCTION = YES;
				GCC_WARN_UNUSED_VARIABLE = YES;
				IPHONEOS_DEPLOYMENT_TARGET = 10.3;
				MTL_ENABLE_DEBUG_INFO = NO;
				SDKROOT = iphoneos;
				SWIFT_OPTIMIZATION_LEVEL = "-Owholemodule";
				VALIDATE_PRODUCT = YES;
			};
			name = Release;
		};
		55DB89061F1475280002CCA3 /* Debug */ = {
			isa = XCBuildConfiguration;
			baseConfigurationReference = 0851D89E137C11BBFECCA286 /* Pods-Demo.debug.xcconfig */;
			buildSettings = {
				ASSETCATALOG_COMPILER_APPICON_NAME = AppIcon;
				CLANG_ENABLE_MODULES = YES;
				DEVELOPMENT_TEAM = R577YJV57H;
				INFOPLIST_FILE = Demo/Info.plist;
				LD_RUNPATH_SEARCH_PATHS = "$(inherited) @executable_path/Frameworks";
				PRODUCT_BUNDLE_IDENTIFIER = edu.self.3Dtalk;
				PRODUCT_NAME = "$(TARGET_NAME)";
				SWIFT_OPTIMIZATION_LEVEL = "-Onone";
				SWIFT_VERSION = 3.0;
			};
			name = Debug;
		};
		55DB89071F1475280002CCA3 /* Release */ = {
			isa = XCBuildConfiguration;
			baseConfigurationReference = 2967EDC36D1AC222AE841D80 /* Pods-Demo.release.xcconfig */;
			buildSettings = {
				ASSETCATALOG_COMPILER_APPICON_NAME = AppIcon;
				CLANG_ENABLE_MODULES = YES;
				DEVELOPMENT_TEAM = R577YJV57H;
				INFOPLIST_FILE = Demo/Info.plist;
				LD_RUNPATH_SEARCH_PATHS = "$(inherited) @executable_path/Frameworks";
				PRODUCT_BUNDLE_IDENTIFIER = edu.self.3Dtalk;
				PRODUCT_NAME = "$(TARGET_NAME)";
				SWIFT_VERSION = 3.0;
			};
			name = Release;
		};
/* End XCBuildConfiguration section */

/* Begin XCConfigurationList section */
		55DB88EE1F1475280002CCA3 /* Build configuration list for PBXProject "Demo" */ = {
			isa = XCConfigurationList;
			buildConfigurations = (
				55DB89031F1475280002CCA3 /* Debug */,
				55DB89041F1475280002CCA3 /* Release */,
			);
			defaultConfigurationIsVisible = 0;
			defaultConfigurationName = Release;
		};
		55DB89051F1475280002CCA3 /* Build configuration list for PBXNativeTarget "Demo" */ = {
			isa = XCConfigurationList;
			buildConfigurations = (
				55DB89061F1475280002CCA3 /* Debug */,
				55DB89071F1475280002CCA3 /* Release */,
			);
			defaultConfigurationIsVisible = 0;
			defaultConfigurationName = Release;
		};
/* End XCConfigurationList section */
	};
	rootObject = 55DB88EB1F1475280002CCA3 /* Project object */;
}
