// !$*UTF8*$!
{
	archiveVersion = 1;
	classes = {
	};
	objectVersion = 46;
	objects = {

/* Begin PBXBuildFile section */
		5535AB331F3C3A9F004062C5 /* MenuTableViewController.swift in Sources */ = {isa = PBXBuildFile; fileRef = 5535AB321F3C3A9F004062C5 /* MenuTableViewController.swift */; };
		554B0E3D1F471F0E0016E154 /* UIImage+Scale.swift in Sources */ = {isa = PBXBuildFile; fileRef = 554B0E3C1F471F0D0016E154 /* UIImage+Scale.swift */; };
		556084241F26FA3E00B0D8EC /* GoogleService-Info.plist in Resources */ = {isa = PBXBuildFile; fileRef = 556084231F26FA3E00B0D8EC /* GoogleService-Info.plist */; };
		556084291F27791A00B0D8EC /* SWRevealViewController.m in Sources */ = {isa = PBXBuildFile; fileRef = 556084281F27791A00B0D8EC /* SWRevealViewController.m */; };
		5560842B1F29BCD200B0D8EC /* MyProfileViewController.swift in Sources */ = {isa = PBXBuildFile; fileRef = 5560842A1F29BCD200B0D8EC /* MyProfileViewController.swift */; };
		5560842D1F2A03C700B0D8EC /* FriendsListViewController.swift in Sources */ = {isa = PBXBuildFile; fileRef = 5560842C1F2A03C700B0D8EC /* FriendsListViewController.swift */; };
		5560842F1F2A0C1D00B0D8EC /* MessageViewController.swift in Sources */ = {isa = PBXBuildFile; fileRef = 5560842E1F2A0C1D00B0D8EC /* MessageViewController.swift */; };
		556084311F2A0C5900B0D8EC /* AboutUsViewController.swift in Sources */ = {isa = PBXBuildFile; fileRef = 556084301F2A0C5900B0D8EC /* AboutUsViewController.swift */; };
		55A79B761F4472600076CE60 /* SidebarMenu.swift in Sources */ = {isa = PBXBuildFile; fileRef = 55A79B751F4472600076CE60 /* SidebarMenu.swift */; };
		55A79B7A1F46BAD30076CE60 /* Button.swift in Sources */ = {isa = PBXBuildFile; fileRef = 55A79B791F46BAD30076CE60 /* Button.swift */; };
		55C529D41F6548C200F5927F /* HomeViewController.swift in Sources */ = {isa = PBXBuildFile; fileRef = 55C529D31F6548C200F5927F /* HomeViewController.swift */; };
		55DB88F71F1475280002CCA3 /* AppDelegate.swift in Sources */ = {isa = PBXBuildFile; fileRef = 55DB88F61F1475280002CCA3 /* AppDelegate.swift */; };
		55DB88F91F1475280002CCA3 /* ViewController.swift in Sources */ = {isa = PBXBuildFile; fileRef = 55DB88F81F1475280002CCA3 /* ViewController.swift */; };
		55DB88FC1F1475280002CCA3 /* Main.storyboard in Resources */ = {isa = PBXBuildFile; fileRef = 55DB88FA1F1475280002CCA3 /* Main.storyboard */; };
		55DB88FE1F1475280002CCA3 /* Assets.xcassets in Resources */ = {isa = PBXBuildFile; fileRef = 55DB88FD1F1475280002CCA3 /* Assets.xcassets */; };
		55DB89011F1475280002CCA3 /* LaunchScreen.storyboard in Resources */ = {isa = PBXBuildFile; fileRef = 55DB88FF1F1475280002CCA3 /* LaunchScreen.storyboard */; };
		55DB891C1F1661F20002CCA3 /* LogInViewController.swift in Sources */ = {isa = PBXBuildFile; fileRef = 55DB891B1F1661F20002CCA3 /* LogInViewController.swift */; };
		55DB891E1F1729810002CCA3 /* SignUpViewController.swift in Sources */ = {isa = PBXBuildFile; fileRef = 55DB891D1F1729810002CCA3 /* SignUpViewController.swift */; };
		7E70447E7E1D5533907920C3 /* Pods_Demo.framework in Frameworks */ = {isa = PBXBuildFile; fileRef = CD7EFD29A223606BF9C62292 /* Pods_Demo.framework */; };
		C24654601F612ED800E8643B /* IBTextField.swift in Sources */ = {isa = PBXBuildFile; fileRef = C246545F1F612ED800E8643B /* IBTextField.swift */; };
/* End PBXBuildFile section */

/* Begin PBXFileReference section */
		0851D89E137C11BBFECCA286 /* Pods-Demo.debug.xcconfig */ = {isa = PBXFileReference; includeInIndex = 1; lastKnownFileType = text.xcconfig; name = "Pods-Demo.debug.xcconfig"; path = "Pods/Target Support Files/Pods-Demo/Pods-Demo.debug.xcconfig"; sourceTree = "<group>"; };
		2967EDC36D1AC222AE841D80 /* Pods-Demo.release.xcconfig */ = {isa = PBXFileReference; includeInIndex = 1; lastKnownFileType = text.xcconfig; name = "Pods-Demo.release.xcconfig"; path = "Pods/Target Support Files/Pods-Demo/Pods-Demo.release.xcconfig"; sourceTree = "<group>"; };
		5535AB321F3C3A9F004062C5 /* MenuTableViewController.swift */ = {isa = PBXFileReference; fileEncoding = 4; lastKnownFileType = sourcecode.swift; path = MenuTableViewController.swift; sourceTree = "<group>"; };
		554B0E3C1F471F0D0016E154 /* UIImage+Scale.swift */ = {isa = PBXFileReference; fileEncoding = 4; lastKnownFileType = sourcecode.swift; path = "UIImage+Scale.swift"; sourceTree = "<group>"; };
		556084231F26FA3E00B0D8EC /* GoogleService-Info.plist */ = {isa = PBXFileReference; fileEncoding = 4; lastKnownFileType = text.plist.xml; path = "GoogleService-Info.plist"; sourceTree = "<group>"; };
		556084261F27791900B0D8EC /* Demo-Bridging-Header.h */ = {isa = PBXFileReference; lastKnownFileType = sourcecode.c.h; path = "Demo-Bridging-Header.h"; sourceTree = "<group>"; };
		556084271F27791A00B0D8EC /* SWRevealViewController.h */ = {isa = PBXFileReference; fileEncoding = 4; lastKnownFileType = sourcecode.c.h; path = SWRevealViewController.h; sourceTree = "<group>"; };
		556084281F27791A00B0D8EC /* SWRevealViewController.m */ = {isa = PBXFileReference; fileEncoding = 4; lastKnownFileType = sourcecode.c.objc; path = SWRevealViewController.m; sourceTree = "<group>"; };
		5560842A1F29BCD200B0D8EC /* MyProfileViewController.swift */ = {isa = PBXFileReference; fileEncoding = 4; lastKnownFileType = sourcecode.swift; path = MyProfileViewController.swift; sourceTree = "<group>"; xcLanguageSpecificationIdentifier = xcode.lang.swift; };
		5560842C1F2A03C700B0D8EC /* FriendsListViewController.swift */ = {isa = PBXFileReference; fileEncoding = 4; lastKnownFileType = sourcecode.swift; path = FriendsListViewController.swift; sourceTree = "<group>"; };
		5560842E1F2A0C1D00B0D8EC /* MessageViewController.swift */ = {isa = PBXFileReference; fileEncoding = 4; lastKnownFileType = sourcecode.swift; path = MessageViewController.swift; sourceTree = "<group>"; };
		556084301F2A0C5900B0D8EC /* AboutUsViewController.swift */ = {isa = PBXFileReference; fileEncoding = 4; lastKnownFileType = sourcecode.swift; path = AboutUsViewController.swift; sourceTree = "<group>"; };
		55A79B751F4472600076CE60 /* SidebarMenu.swift */ = {isa = PBXFileReference; fileEncoding = 4; lastKnownFileType = sourcecode.swift; path = SidebarMenu.swift; sourceTree = "<group>"; };
		55A79B791F46BAD30076CE60 /* Button.swift */ = {isa = PBXFileReference; fileEncoding = 4; lastKnownFileType = sourcecode.swift; path = Button.swift; sourceTree = "<group>"; };
		55C529D31F6548C200F5927F /* HomeViewController.swift */ = {isa = PBXFileReference; fileEncoding = 4; lastKnownFileType = sourcecode.swift; path = HomeViewController.swift; sourceTree = "<group>"; };
		55DB88F31F1475280002CCA3 /* Demo.app */ = {isa = PBXFileReference; explicitFileType = wrapper.application; includeInIndex = 0; path = Demo.app; sourceTree = BUILT_PRODUCTS_DIR; };
		55DB88F61F1475280002CCA3 /* AppDelegate.swift */ = {isa = PBXFileReference; lastKnownFileType = sourcecode.swift; path = AppDelegate.swift; sourceTree = "<group>"; };
		55DB88F81F1475280002CCA3 /* ViewController.swift */ = {isa = PBXFileReference; lastKnownFileType = sourcecode.swift; path = ViewController.swift; sourceTree = "<group>"; };
		55DB88FB1F1475280002CCA3 /* Base */ = {isa = PBXFileReference; lastKnownFileType = file.storyboard; name = Base; path = Base.lproj/Main.storyboard; sourceTree = "<group>"; };
		55DB88FD1F1475280002CCA3 /* Assets.xcassets */ = {isa = PBXFileReference; lastKnownFileType = folder.assetcatalog; path = Assets.xcassets; sourceTree = "<group>"; };
		55DB89001F1475280002CCA3 /* Base */ = {isa = PBXFileReference; lastKnownFileType = file.storyboard; name = Base; path = Base.lproj/LaunchScreen.storyboard; sourceTree = "<group>"; };
		55DB89021F1475280002CCA3 /* Info.plist */ = {isa = PBXFileReference; lastKnownFileType = text.plist.xml; path = Info.plist; sourceTree = "<group>"; };
		55DB891B1F1661F20002CCA3 /* LogInViewController.swift */ = {isa = PBXFileReference; fileEncoding = 4; lastKnownFileType = sourcecode.swift; path = LogInViewController.swift; sourceTree = "<group>"; };
		55DB891D1F1729810002CCA3 /* SignUpViewController.swift */ = {isa = PBXFileReference; fileEncoding = 4; lastKnownFileType = sourcecode.swift; path = SignUpViewController.swift; sourceTree = "<group>"; };
		C246545F1F612ED800E8643B /* IBTextField.swift */ = {isa = PBXFileReference; fileEncoding = 4; lastKnownFileType = sourcecode.swift; path = IBTextField.swift; sourceTree = "<group>"; };
		CD7EFD29A223606BF9C62292 /* Pods_Demo.framework */ = {isa = PBXFileReference; explicitFileType = wrapper.framework; includeInIndex = 0; path = Pods_Demo.framework; sourceTree = BUILT_PRODUCTS_DIR; };
/* End PBXFileReference section */

/* Begin PBXFrameworksBuildPhase section */
		55DB88F01F1475280002CCA3 /* Frameworks */ = {
			isa = PBXFrameworksBuildPhase;
			buildActionMask = 2147483647;
			files = (
				7E70447E7E1D5533907920C3 /* Pods_Demo.framework in Frameworks */,
			);
			runOnlyForDeploymentPostprocessing = 0;
		};
/* End PBXFrameworksBuildPhase section */

/* Begin PBXGroup section */
		556084251F27784D00B0D8EC /* SWRevealViewController */ = {
			isa = PBXGroup;
			children = (
				556084271F27791A00B0D8EC /* SWRevealViewController.h */,
				556084281F27791A00B0D8EC /* SWRevealViewController.m */,
				556084261F27791900B0D8EC /* Demo-Bridging-Header.h */,
			);
			name = SWRevealViewController;
			sourceTree = "<group>";
		};
		55DB88EA1F1475280002CCA3 = {
			isa = PBXGroup;
			children = (
				55DB88F51F1475280002CCA3 /* Demo */,
				55DB88F41F1475280002CCA3 /* Products */,
				AD3799275AAFB3E9BACBB107 /* Pods */,
				709121DE5137DF51D5133EE3 /* Frameworks */,
			);
			sourceTree = "<group>";
		};
		55DB88F41F1475280002CCA3 /* Products */ = {
			isa = PBXGroup;
			children = (
				55DB88F31F1475280002CCA3 /* Demo.app */,
			);
			name = Products;
			sourceTree = "<group>";
		};
		55DB88F51F1475280002CCA3 /* Demo */ = {
			isa = PBXGroup;
			children = (
				556084251F27784D00B0D8EC /* SWRevealViewController */,
				55DB88F61F1475280002CCA3 /* AppDelegate.swift */,
				55DB88F81F1475280002CCA3 /* ViewController.swift */,
				55DB891B1F1661F20002CCA3 /* LogInViewController.swift */,
				55DB891D1F1729810002CCA3 /* SignUpViewController.swift */,
				5560842A1F29BCD200B0D8EC /* MyProfileViewController.swift */,
				5560842C1F2A03C700B0D8EC /* FriendsListViewController.swift */,
				5560842E1F2A0C1D00B0D8EC /* MessageViewController.swift */,
				556084301F2A0C5900B0D8EC /* AboutUsViewController.swift */,
				5535AB321F3C3A9F004062C5 /* MenuTableViewController.swift */,
				55A79B751F4472600076CE60 /* SidebarMenu.swift */,
				C246545F1F612ED800E8643B /* IBTextField.swift */,
				55A79B791F46BAD30076CE60 /* Button.swift */,
				55DB88FA1F1475280002CCA3 /* Main.storyboard */,
				55DB88FF1F1475280002CCA3 /* LaunchScreen.storyboard */,
				55DB88FD1F1475280002CCA3 /* Assets.xcassets */,
				55DB89021F1475280002CCA3 /* Info.plist */,
				556084231F26FA3E00B0D8EC /* GoogleService-Info.plist */,
				554B0E3C1F471F0D0016E154 /* UIImage+Scale.swift */,
				55C529D31F6548C200F5927F /* HomeViewController.swift */,
			);
			path = Demo;
			sourceTree = "<group>";
		};
		709121DE5137DF51D5133EE3 /* Frameworks */ = {
			isa = PBXGroup;
			children = (
				CD7EFD29A223606BF9C62292 /* Pods_Demo.framework */,
			);
			name = Frameworks;
			sourceTree = "<group>";
		};
		AD3799275AAFB3E9BACBB107 /* Pods */ = {
			isa = PBXGroup;
			children = (
				0851D89E137C11BBFECCA286 /* Pods-Demo.debug.xcconfig */,
				2967EDC36D1AC222AE841D80 /* Pods-Demo.release.xcconfig */,
			);
			name = Pods;
			sourceTree = "<group>";
		};
/* End PBXGroup section */

/* Begin PBXNativeTarget section */
		55DB88F21F1475280002CCA3 /* Demo */ = {
			isa = PBXNativeTarget;
			buildConfigurationList = 55DB89051F1475280002CCA3 /* Build configuration list for PBXNativeTarget "Demo" */;
			buildPhases = (
				E87C12E9D8EA6C526EC20031 /* [CP] Check Pods Manifest.lock */,
				55DB88EF1F1475280002CCA3 /* Sources */,
				55DB88F01F1475280002CCA3 /* Frameworks */,
				55DB88F11F1475280002CCA3 /* Resources */,
				4AED4F609395EE6F77D948F0 /* [CP] Embed Pods Frameworks */,
				8D130B8A51F9B6D52CBA6DBA /* [CP] Copy Pods Resources */,
			);
			buildRules = (
			);
			dependencies = (
			);
			name = Demo;
			productName = Demo;
			productReference = 55DB88F31F1475280002CCA3 /* Demo.app */;
			productType = "com.apple.product-type.application";
		};
/* End PBXNativeTarget section */

/* Begin PBXProject section */
		55DB88EB1F1475280002CCA3 /* Project object */ = {
			isa = PBXProject;
			attributes = {
				LastSwiftUpdateCheck = 0830;
				LastUpgradeCheck = 0830;
				ORGANIZATIONNAME = U.K.A;
				TargetAttributes = {
					55DB88F21F1475280002CCA3 = {
						CreatedOnToolsVersion = 8.3.2;
						DevelopmentTeam = R577YJV57H;
						LastSwiftMigration = 0830;
						ProvisioningStyle = Automatic;
					};
				};
			};
			buildConfigurationList = 55DB88EE1F1475280002CCA3 /* Build configuration list for PBXProject "Demo" */;
			compatibilityVersion = "Xcode 3.2";
			developmentRegion = English;
			hasScannedForEncodings = 0;
			knownRegions = (
				en,
				Base,
			);
			mainGroup = 55DB88EA1F1475280002CCA3;
			productRefGroup = 55DB88F41F1475280002CCA3 /* Products */;
			projectDirPath = "";
			projectRoot = "";
			targets = (
				55DB88F21F1475280002CCA3 /* Demo */,
			);
		};
/* End PBXProject section */

/* Begin PBXResourcesBuildPhase section */
		55DB88F11F1475280002CCA3 /* Resources */ = {
			isa = PBXResourcesBuildPhase;
			buildActionMask = 2147483647;
			files = (
				55DB89011F1475280002CCA3 /* LaunchScreen.storyboard in Resources */,
				556084241F26FA3E00B0D8EC /* GoogleService-Info.plist in Resources */,
				55DB88FE1F1475280002CCA3 /* Assets.xcassets in Resources */,
				55DB88FC1F1475280002CCA3 /* Main.storyboard in Resources */,
			);
			runOnlyForDeploymentPostprocessing = 0;
		};
/* End PBXResourcesBuildPhase section */

/* Begin PBXShellScriptBuildPhase section */
		4AED4F609395EE6F77D948F0 /* [CP] Embed Pods Frameworks */ = {
			isa = PBXShellScriptBuildPhase;
			buildActionMask = 2147483647;
			files = (
			);
			inputPaths = (
			);
			name = "[CP] Embed Pods Frameworks";
			outputPaths = (
			);
			runOnlyForDeploymentPostprocessing = 0;
			shellPath = /bin/sh;
			shellScript = "\"${SRCROOT}/Pods/Target Support Files/Pods-Demo/Pods-Demo-frameworks.sh\"\n";
			showEnvVarsInLog = 0;
		};
		8D130B8A51F9B6D52CBA6DBA /* [CP] Copy Pods Resources */ = {
			isa = PBXShellScriptBuildPhase;
			buildActionMask = 2147483647;
			files = (
			);
			inputPaths = (
			);
			name = "[CP] Copy Pods Resources";
			outputPaths = (
			);
			runOnlyForDeploymentPostprocessing = 0;
			shellPath = /bin/sh;
			shellScript = "\"${SRCROOT}/Pods/Target Support Files/Pods-Demo/Pods-Demo-resources.sh\"\n";
			showEnvVarsInLog = 0;
		};
		E87C12E9D8EA6C526EC20031 /* [CP] Check Pods Manifest.lock */ = {
			isa = PBXShellScriptBuildPhase;
			buildActionMask = 2147483647;
			files = (
			);
			inputPaths = (
			);
			name = "[CP] Check Pods Manifest.lock";
			outputPaths = (
			);
			runOnlyForDeploymentPostprocessing = 0;
			shellPath = /bin/sh;
			shellScript = "diff \"${PODS_PODFILE_DIR_PATH}/Podfile.lock\" \"${PODS_ROOT}/Manifest.lock\" > /dev/null\nif [ $? != 0 ] ; then\n    # print error to STDERR\n    echo \"error: The sandbox is not in sync with the Podfile.lock. Run 'pod install' or update your CocoaPods installation.\" >&2\n    exit 1\nfi\n";
			showEnvVarsInLog = 0;
		};
/* End PBXShellScriptBuildPhase section */

/* Begin PBXSourcesBuildPhase section */
		55DB88EF1F1475280002CCA3 /* Sources */ = {
			isa = PBXSourcesBuildPhase;
			buildActionMask = 2147483647;
			files = (
				5560842B1F29BCD200B0D8EC /* MyProfileViewController.swift in Sources */,
				556084311F2A0C5900B0D8EC /* AboutUsViewController.swift in Sources */,
				5535AB331F3C3A9F004062C5 /* MenuTableViewController.swift in Sources */,
				55A79B761F4472600076CE60 /* SidebarMenu.swift in Sources */,
				55DB88F91F1475280002CCA3 /* ViewController.swift in Sources */,
				55C529D41F6548C200F5927F /* HomeViewController.swift in Sources */,
				5560842F1F2A0C1D00B0D8EC /* MessageViewController.swift in Sources */,
				554B0E3D1F471F0E0016E154 /* UIImage+Scale.swift in Sources */,
				55A79B7A1F46BAD30076CE60 /* Button.swift in Sources */,
				5560842D1F2A03C700B0D8EC /* FriendsListViewController.swift in Sources */,
				55DB88F71F1475280002CCA3 /* AppDelegate.swift in Sources */,
				C24654601F612ED800E8643B /* IBTextField.swift in Sources */,
				556084291F27791A00B0D8EC /* SWRevealViewController.m in Sources */,
				55DB891E1F1729810002CCA3 /* SignUpViewController.swift in Sources */,
				55DB891C1F1661F20002CCA3 /* LogInViewController.swift in Sources */,
			);
			runOnlyForDeploymentPostprocessing = 0;
		};
/* End PBXSourcesBuildPhase section */

/* Begin PBXVariantGroup section */
		55DB88FA1F1475280002CCA3 /* Main.storyboard */ = {
			isa = PBXVariantGroup;
			children = (
				55DB88FB1F1475280002CCA3 /* Base */,
			);
			name = Main.storyboard;
			sourceTree = "<group>";
		};
		55DB88FF1F1475280002CCA3 /* LaunchScreen.storyboard */ = {
			isa = PBXVariantGroup;
			children = (
				55DB89001F1475280002CCA3 /* Base */,
			);
			name = LaunchScreen.storyboard;
			sourceTree = "<group>";
		};
/* End PBXVariantGroup section */

/* Begin XCBuildConfiguration section */
		55DB89031F1475280002CCA3 /* Debug */ = {
			isa = XCBuildConfiguration;
			buildSettings = {
				ALWAYS_SEARCH_USER_PATHS = NO;
				CLANG_ANALYZER_NONNULL = YES;
				CLANG_ANALYZER_NUMBER_OBJECT_CONVERSION = YES_AGGRESSIVE;
				CLANG_CXX_LANGUAGE_STANDARD = "gnu++0x";
				CLANG_CXX_LIBRARY = "libc++";
				CLANG_ENABLE_MODULES = YES;
				CLANG_ENABLE_OBJC_ARC = YES;
				CLANG_WARN_BOOL_CONVERSION = YES;
				CLANG_WARN_CONSTANT_CONVERSION = YES;
				CLANG_WARN_DIRECT_OBJC_ISA_USAGE = YES_ERROR;
				CLANG_WARN_DOCUMENTATION_COMMENTS = YES;
				CLANG_WARN_EMPTY_BODY = YES;
				CLANG_WARN_ENUM_CONVERSION = YES;
				CLANG_WARN_INFINITE_RECURSION = YES;
				CLANG_WARN_INT_CONVERSION = YES;
				CLANG_WARN_OBJC_ROOT_CLASS = YES_ERROR;
				CLANG_WARN_SUSPICIOUS_MOVE = YES;
				CLANG_WARN_UNREACHABLE_CODE = YES;
				CLANG_WARN__DUPLICATE_METHOD_MATCH = YES;
				"CODE_SIGN_IDENTITY[sdk=iphoneos*]" = "iPhone Developer";
				COPY_PHASE_STRIP = NO;
				DEBUG_INFORMATION_FORMAT = dwarf;
				ENABLE_STRICT_OBJC_MSGSEND = YES;
				ENABLE_TESTABILITY = YES;
				GCC_C_LANGUAGE_STANDARD = gnu99;
				GCC_DYNAMIC_NO_PIC = NO;
				GCC_NO_COMMON_BLOCKS = YES;
				GCC_OPTIMIZATION_LEVEL = 0;
				GCC_PREPROCESSOR_DEFINITIONS = (
					"DEBUG=1",
					"$(inherited)",
				);
				GCC_WARN_64_TO_32_BIT_CONVERSION = YES;
				GCC_WARN_ABOUT_RETURN_TYPE = YES_ERROR;
				GCC_WARN_UNDECLARED_SELECTOR = YES;
				GCC_WARN_UNINITIALIZED_AUTOS = YES_AGGRESSIVE;
				GCC_WARN_UNUSED_FUNCTION = YES;
				GCC_WARN_UNUSED_VARIABLE = YES;
				IPHONEOS_DEPLOYMENT_TARGET = 10.3;
				MTL_ENABLE_DEBUG_INFO = YES;
				ONLY_ACTIVE_ARCH = YES;
				SDKROOT = iphoneos;
				SWIFT_ACTIVE_COMPILATION_CONDITIONS = DEBUG;
				SWIFT_OPTIMIZATION_LEVEL = "-Onone";
			};
			name = Debug;
		};
		55DB89041F1475280002CCA3 /* Release */ = {
			isa = XCBuildConfiguration;
			buildSettings = {
				ALWAYS_SEARCH_USER_PATHS = NO;
				CLANG_ANALYZER_NONNULL = YES;
				CLANG_ANALYZER_NUMBER_OBJECT_CONVERSION = YES_AGGRESSIVE;
				CLANG_CXX_LANGUAGE_STANDARD = "gnu++0x";
				CLANG_CXX_LIBRARY = "libc++";
				CLANG_ENABLE_MODULES = YES;
				CLANG_ENABLE_OBJC_ARC = YES;
				CLANG_WARN_BOOL_CONVERSION = YES;
				CLANG_WARN_CONSTANT_CONVERSION = YES;
				CLANG_WARN_DIRECT_OBJC_ISA_USAGE = YES_ERROR;
				CLANG_WARN_DOCUMENTATION_COMMENTS = YES;
				CLANG_WARN_EMPTY_BODY = YES;
				CLANG_WARN_ENUM_CONVERSION = YES;
				CLANG_WARN_INFINITE_RECURSION = YES;
				CLANG_WARN_INT_CONVERSION = YES;
				CLANG_WARN_OBJC_ROOT_CLASS = YES_ERROR;
				CLANG_WARN_SUSPICIOUS_MOVE = YES;
				CLANG_WARN_UNREACHABLE_CODE = YES;
				CLANG_WARN__DUPLICATE_METHOD_MATCH = YES;
				"CODE_SIGN_IDENTITY[sdk=iphoneos*]" = "iPhone Developer";
				COPY_PHASE_STRIP = NO;
				DEBUG_INFORMATION_FORMAT = "dwarf-with-dsym";
				ENABLE_NS_ASSERTIONS = NO;
				ENABLE_STRICT_OBJC_MSGSEND = YES;
				GCC_C_LANGUAGE_STANDARD = gnu99;
				GCC_NO_COMMON_BLOCKS = YES;
				GCC_WARN_64_TO_32_BIT_CONVERSION = YES;
				GCC_WARN_ABOUT_RETURN_TYPE = YES_ERROR;
				GCC_WARN_UNDECLARED_SELECTOR = YES;
				GCC_WARN_UNINITIALIZED_AUTOS = YES_AGGRESSIVE;
				GCC_WARN_UNUSED_FUNCTION = YES;
				GCC_WARN_UNUSED_VARIABLE = YES;
				IPHONEOS_DEPLOYMENT_TARGET = 10.3;
				MTL_ENABLE_DEBUG_INFO = NO;
				SDKROOT = iphoneos;
				SWIFT_OPTIMIZATION_LEVEL = "-Owholemodule";
				VALIDATE_PRODUCT = YES;
			};
			name = Release;
		};
		55DB89061F1475280002CCA3 /* Debug */ = {
			isa = XCBuildConfiguration;
			baseConfigurationReference = 0851D89E137C11BBFECCA286 /* Pods-Demo.debug.xcconfig */;
			buildSettings = {
				ASSETCATALOG_COMPILER_APPICON_NAME = AppIcon;
				CLANG_ENABLE_MODULES = YES;
				DEVELOPMENT_TEAM = R577YJV57H;
				INFOPLIST_FILE = Demo/Info.plist;
				LD_RUNPATH_SEARCH_PATHS = "$(inherited) @executable_path/Frameworks";
				PRODUCT_BUNDLE_IDENTIFIER = edu.self.3Dtalk;
				PRODUCT_NAME = "$(TARGET_NAME)";
				SWIFT_OBJC_BRIDGING_HEADER = "Demo/Demo-Bridging-Header.h";
				SWIFT_OPTIMIZATION_LEVEL = "-Onone";
				SWIFT_VERSION = 3.0;
			};
			name = Debug;
		};
		55DB89071F1475280002CCA3 /* Release */ = {
			isa = XCBuildConfiguration;
			baseConfigurationReference = 2967EDC36D1AC222AE841D80 /* Pods-Demo.release.xcconfig */;
			buildSettings = {
				ASSETCATALOG_COMPILER_APPICON_NAME = AppIcon;
				CLANG_ENABLE_MODULES = YES;
				DEVELOPMENT_TEAM = R577YJV57H;
				INFOPLIST_FILE = Demo/Info.plist;
				LD_RUNPATH_SEARCH_PATHS = "$(inherited) @executable_path/Frameworks";
				PRODUCT_BUNDLE_IDENTIFIER = edu.self.3Dtalk;
				PRODUCT_NAME = "$(TARGET_NAME)";
				SWIFT_OBJC_BRIDGING_HEADER = "Demo/Demo-Bridging-Header.h";
				SWIFT_VERSION = 3.0;
			};
			name = Release;
		};
/* End XCBuildConfiguration section */

/* Begin XCConfigurationList section */
		55DB88EE1F1475280002CCA3 /* Build configuration list for PBXProject "Demo" */ = {
			isa = XCConfigurationList;
			buildConfigurations = (
				55DB89031F1475280002CCA3 /* Debug */,
				55DB89041F1475280002CCA3 /* Release */,
			);
			defaultConfigurationIsVisible = 0;
			defaultConfigurationName = Release;
		};
		55DB89051F1475280002CCA3 /* Build configuration list for PBXNativeTarget "Demo" */ = {
			isa = XCConfigurationList;
			buildConfigurations = (
				55DB89061F1475280002CCA3 /* Debug */,
				55DB89071F1475280002CCA3 /* Release */,
			);
			defaultConfigurationIsVisible = 0;
			defaultConfigurationName = Release;
		};
/* End XCConfigurationList section */
	};
	rootObject = 55DB88EB1F1475280002CCA3 /* Project object */;
}
